// !$*UTF8*$!
{
	archiveVersion = 1;
	classes = {
	};
	objectVersion = 46;
	objects = {

/* Begin PBXBuildFile section */
		63B818001D957E93001BD1EE /* AppDelegate.swift in Sources */ = {isa = PBXBuildFile; fileRef = 63B817FF1D957E93001BD1EE /* AppDelegate.swift */; };
		63B818021D957E93001BD1EE /* ViewController.swift in Sources */ = {isa = PBXBuildFile; fileRef = 63B818011D957E93001BD1EE /* ViewController.swift */; };
		63B818051D957E94001BD1EE /* Main.storyboard in Resources */ = {isa = PBXBuildFile; fileRef = 63B818031D957E94001BD1EE /* Main.storyboard */; };
		63B818071D957E94001BD1EE /* Assets.xcassets in Resources */ = {isa = PBXBuildFile; fileRef = 63B818061D957E94001BD1EE /* Assets.xcassets */; };
		63B8180A1D957E94001BD1EE /* LaunchScreen.storyboard in Resources */ = {isa = PBXBuildFile; fileRef = 63B818081D957E94001BD1EE /* LaunchScreen.storyboard */; };
		63B818151D957E94001BD1EE /* MatchyTests.swift in Sources */ = {isa = PBXBuildFile; fileRef = 63B818141D957E94001BD1EE /* MatchyTests.swift */; };
		63B818201D957E94001BD1EE /* MatchyUITests.swift in Sources */ = {isa = PBXBuildFile; fileRef = 63B8181F1D957E94001BD1EE /* MatchyUITests.swift */; };
/* End PBXBuildFile section */

/* Begin PBXContainerItemProxy section */
		63B818111D957E94001BD1EE /* PBXContainerItemProxy */ = {
			isa = PBXContainerItemProxy;
			containerPortal = 63B817F41D957E93001BD1EE /* Project object */;
			proxyType = 1;
			remoteGlobalIDString = 63B817FB1D957E93001BD1EE;
			remoteInfo = Matchy;
		};
		63B8181C1D957E94001BD1EE /* PBXContainerItemProxy */ = {
			isa = PBXContainerItemProxy;
			containerPortal = 63B817F41D957E93001BD1EE /* Project object */;
			proxyType = 1;
			remoteGlobalIDString = 63B817FB1D957E93001BD1EE;
			remoteInfo = Matchy;
		};
/* End PBXContainerItemProxy section */

/* Begin PBXFileReference section */
		63B817FC1D957E93001BD1EE /* Matchy.app */ = {isa = PBXFileReference; explicitFileType = wrapper.application; includeInIndex = 0; path = Matchy.app; sourceTree = BUILT_PRODUCTS_DIR; };
		63B817FF1D957E93001BD1EE /* AppDelegate.swift */ = {isa = PBXFileReference; lastKnownFileType = sourcecode.swift; path = AppDelegate.swift; sourceTree = "<group>"; };
		63B818011D957E93001BD1EE /* ViewController.swift */ = {isa = PBXFileReference; lastKnownFileType = sourcecode.swift; path = ViewController.swift; sourceTree = "<group>"; };
		63B818041D957E94001BD1EE /* Base */ = {isa = PBXFileReference; lastKnownFileType = file.storyboard; name = Base; path = Base.lproj/Main.storyboard; sourceTree = "<group>"; };
		63B818061D957E94001BD1EE /* Assets.xcassets */ = {isa = PBXFileReference; lastKnownFileType = folder.assetcatalog; path = Assets.xcassets; sourceTree = "<group>"; };
		63B818091D957E94001BD1EE /* Base */ = {isa = PBXFileReference; lastKnownFileType = file.storyboard; name = Base; path = Base.lproj/LaunchScreen.storyboard; sourceTree = "<group>"; };
		63B8180B1D957E94001BD1EE /* Info.plist */ = {isa = PBXFileReference; lastKnownFileType = text.plist.xml; path = Info.plist; sourceTree = "<group>"; };
		63B818101D957E94001BD1EE /* MatchyTests.xctest */ = {isa = PBXFileReference; explicitFileType = wrapper.cfbundle; includeInIndex = 0; path = MatchyTests.xctest; sourceTree = BUILT_PRODUCTS_DIR; };
		63B818141D957E94001BD1EE /* MatchyTests.swift */ = {isa = PBXFileReference; lastKnownFileType = sourcecode.swift; path = MatchyTests.swift; sourceTree = "<group>"; };
		63B818161D957E94001BD1EE /* Info.plist */ = {isa = PBXFileReference; lastKnownFileType = text.plist.xml; path = Info.plist; sourceTree = "<group>"; };
		63B8181B1D957E94001BD1EE /* MatchyUITests.xctest */ = {isa = PBXFileReference; explicitFileType = wrapper.cfbundle; includeInIndex = 0; path = MatchyUITests.xctest; sourceTree = BUILT_PRODUCTS_DIR; };
		63B8181F1D957E94001BD1EE /* MatchyUITests.swift */ = {isa = PBXFileReference; lastKnownFileType = sourcecode.swift; path = MatchyUITests.swift; sourceTree = "<group>"; };
		63B818211D957E94001BD1EE /* Info.plist */ = {isa = PBXFileReference; lastKnownFileType = text.plist.xml; path = Info.plist; sourceTree = "<group>"; };
/* End PBXFileReference section */

/* Begin PBXFrameworksBuildPhase section */
		63B817F91D957E93001BD1EE /* Frameworks */ = {
			isa = PBXFrameworksBuildPhase;
			buildActionMask = 2147483647;
			files = (
			);
			runOnlyForDeploymentPostprocessing = 0;
		};
		63B8180D1D957E94001BD1EE /* Frameworks */ = {
			isa = PBXFrameworksBuildPhase;
			buildActionMask = 2147483647;
			files = (
			);
			runOnlyForDeploymentPostprocessing = 0;
		};
		63B818181D957E94001BD1EE /* Frameworks */ = {
			isa = PBXFrameworksBuildPhase;
			buildActionMask = 2147483647;
			files = (
			);
			runOnlyForDeploymentPostprocessing = 0;
		};
/* End PBXFrameworksBuildPhase section */

/* Begin PBXGroup section */
		63B817F31D957E93001BD1EE = {
			isa = PBXGroup;
			children = (
				63B817FE1D957E93001BD1EE /* Matchy */,
				63B818131D957E94001BD1EE /* MatchyTests */,
				63B8181E1D957E94001BD1EE /* MatchyUITests */,
				63B817FD1D957E93001BD1EE /* Products */,
			);
			sourceTree = "<group>";
		};
		63B817FD1D957E93001BD1EE /* Products */ = {
			isa = PBXGroup;
			children = (
				63B817FC1D957E93001BD1EE /* Matchy.app */,
				63B818101D957E94001BD1EE /* MatchyTests.xctest */,
				63B8181B1D957E94001BD1EE /* MatchyUITests.xctest */,
			);
			name = Products;
			sourceTree = "<group>";
		};
		63B817FE1D957E93001BD1EE /* Matchy */ = {
			isa = PBXGroup;
			children = (
				63B817FF1D957E93001BD1EE /* AppDelegate.swift */,
				63B818011D957E93001BD1EE /* ViewController.swift */,
				63B818031D957E94001BD1EE /* Main.storyboard */,
				63B818061D957E94001BD1EE /* Assets.xcassets */,
				63B818081D957E94001BD1EE /* LaunchScreen.storyboard */,
				63B8180B1D957E94001BD1EE /* Info.plist */,
			);
			path = Matchy;
			sourceTree = "<group>";
		};
		63B818131D957E94001BD1EE /* MatchyTests */ = {
			isa = PBXGroup;
			children = (
				63B818141D957E94001BD1EE /* MatchyTests.swift */,
				63B818161D957E94001BD1EE /* Info.plist */,
			);
			path = MatchyTests;
			sourceTree = "<group>";
		};
		63B8181E1D957E94001BD1EE /* MatchyUITests */ = {
			isa = PBXGroup;
			children = (
				63B8181F1D957E94001BD1EE /* MatchyUITests.swift */,
				63B818211D957E94001BD1EE /* Info.plist */,
			);
			path = MatchyUITests;
			sourceTree = "<group>";
		};
/* End PBXGroup section */

/* Begin PBXNativeTarget section */
		63B817FB1D957E93001BD1EE /* Matchy */ = {
			isa = PBXNativeTarget;
			buildConfigurationList = 63B818241D957E94001BD1EE /* Build configuration list for PBXNativeTarget "Matchy" */;
			buildPhases = (
				63B817F81D957E93001BD1EE /* Sources */,
				63B817F91D957E93001BD1EE /* Frameworks */,
				63B817FA1D957E93001BD1EE /* Resources */,
			);
			buildRules = (
			);
			dependencies = (
			);
			name = Matchy;
			productName = Matchy;
			productReference = 63B817FC1D957E93001BD1EE /* Matchy.app */;
			productType = "com.apple.product-type.application";
		};
		63B8180F1D957E94001BD1EE /* MatchyTests */ = {
			isa = PBXNativeTarget;
			buildConfigurationList = 63B818271D957E94001BD1EE /* Build configuration list for PBXNativeTarget "MatchyTests" */;
			buildPhases = (
				63B8180C1D957E94001BD1EE /* Sources */,
				63B8180D1D957E94001BD1EE /* Frameworks */,
				63B8180E1D957E94001BD1EE /* Resources */,
			);
			buildRules = (
			);
			dependencies = (
				63B818121D957E94001BD1EE /* PBXTargetDependency */,
			);
			name = MatchyTests;
			productName = MatchyTests;
			productReference = 63B818101D957E94001BD1EE /* MatchyTests.xctest */;
			productType = "com.apple.product-type.bundle.unit-test";
		};
		63B8181A1D957E94001BD1EE /* MatchyUITests */ = {
			isa = PBXNativeTarget;
			buildConfigurationList = 63B8182A1D957E94001BD1EE /* Build configuration list for PBXNativeTarget "MatchyUITests" */;
			buildPhases = (
				63B818171D957E94001BD1EE /* Sources */,
				63B818181D957E94001BD1EE /* Frameworks */,
				63B818191D957E94001BD1EE /* Resources */,
			);
			buildRules = (
			);
			dependencies = (
				63B8181D1D957E94001BD1EE /* PBXTargetDependency */,
			);
			name = MatchyUITests;
			productName = MatchyUITests;
			productReference = 63B8181B1D957E94001BD1EE /* MatchyUITests.xctest */;
			productType = "com.apple.product-type.bundle.ui-testing";
		};
/* End PBXNativeTarget section */

/* Begin PBXProject section */
		63B817F41D957E93001BD1EE /* Project object */ = {
			isa = PBXProject;
			attributes = {
				LastSwiftUpdateCheck = 0730;
				LastUpgradeCheck = 0730;
				ORGANIZATIONNAME = "Wataru Inoue";
				TargetAttributes = {
					63B817FB1D957E93001BD1EE = {
						CreatedOnToolsVersion = 7.3;
						DevelopmentTeam = CJPA6M3LJM;
					};
					63B8180F1D957E94001BD1EE = {
						CreatedOnToolsVersion = 7.3;
						DevelopmentTeam = CJPA6M3LJM;
						TestTargetID = 63B817FB1D957E93001BD1EE;
					};
					63B8181A1D957E94001BD1EE = {
						CreatedOnToolsVersion = 7.3;
						DevelopmentTeam = CJPA6M3LJM;
						TestTargetID = 63B817FB1D957E93001BD1EE;
					};
				};
			};
			buildConfigurationList = 63B817F71D957E93001BD1EE /* Build configuration list for PBXProject "Matchy" */;
			compatibilityVersion = "Xcode 3.2";
			developmentRegion = English;
			hasScannedForEncodings = 0;
			knownRegions = (
				en,
				Base,
			);
			mainGroup = 63B817F31D957E93001BD1EE;
			productRefGroup = 63B817FD1D957E93001BD1EE /* Products */;
			projectDirPath = "";
			projectRoot = "";
			targets = (
				63B817FB1D957E93001BD1EE /* Matchy */,
				63B8180F1D957E94001BD1EE /* MatchyTests */,
				63B8181A1D957E94001BD1EE /* MatchyUITests */,
			);
		};
/* End PBXProject section */

/* Begin PBXResourcesBuildPhase section */
		63B817FA1D957E93001BD1EE /* Resources */ = {
			isa = PBXResourcesBuildPhase;
			buildActionMask = 2147483647;
			files = (
				63B8180A1D957E94001BD1EE /* LaunchScreen.storyboard in Resources */,
				63B818071D957E94001BD1EE /* Assets.xcassets in Resources */,
				63B818051D957E94001BD1EE /* Main.storyboard in Resources */,
			);
			runOnlyForDeploymentPostprocessing = 0;
		};
		63B8180E1D957E94001BD1EE /* Resources */ = {
			isa = PBXResourcesBuildPhase;
			buildActionMask = 2147483647;
			files = (
			);
			runOnlyForDeploymentPostprocessing = 0;
		};
		63B818191D957E94001BD1EE /* Resources */ = {
			isa = PBXResourcesBuildPhase;
			buildActionMask = 2147483647;
			files = (
			);
			runOnlyForDeploymentPostprocessing = 0;
		};
/* End PBXResourcesBuildPhase section */

/* Begin PBXSourcesBuildPhase section */
		63B817F81D957E93001BD1EE /* Sources */ = {
			isa = PBXSourcesBuildPhase;
			buildActionMask = 2147483647;
			files = (
				63B818021D957E93001BD1EE /* ViewController.swift in Sources */,
				63B818001D957E93001BD1EE /* AppDelegate.swift in Sources */,
			);
			runOnlyForDeploymentPostprocessing = 0;
		};
		63B8180C1D957E94001BD1EE /* Sources */ = {
			isa = PBXSourcesBuildPhase;
			buildActionMask = 2147483647;
			files = (
				63B818151D957E94001BD1EE /* MatchyTests.swift in Sources */,
			);
			runOnlyForDeploymentPostprocessing = 0;
		};
		63B818171D957E94001BD1EE /* Sources */ = {
			isa = PBXSourcesBuildPhase;
			buildActionMask = 2147483647;
			files = (
				63B818201D957E94001BD1EE /* MatchyUITests.swift in Sources */,
			);
			runOnlyForDeploymentPostprocessing = 0;
		};
/* End PBXSourcesBuildPhase section */

/* Begin PBXTargetDependency section */
		63B818121D957E94001BD1EE /* PBXTargetDependency */ = {
			isa = PBXTargetDependency;
			target = 63B817FB1D957E93001BD1EE /* Matchy */;
			targetProxy = 63B818111D957E94001BD1EE /* PBXContainerItemProxy */;
		};
		63B8181D1D957E94001BD1EE /* PBXTargetDependency */ = {
			isa = PBXTargetDependency;
			target = 63B817FB1D957E93001BD1EE /* Matchy */;
			targetProxy = 63B8181C1D957E94001BD1EE /* PBXContainerItemProxy */;
		};
/* End PBXTargetDependency section */

/* Begin PBXVariantGroup section */
		63B818031D957E94001BD1EE /* Main.storyboard */ = {
			isa = PBXVariantGroup;
			children = (
				63B818041D957E94001BD1EE /* Base */,
			);
			name = Main.storyboard;
			sourceTree = "<group>";
		};
		63B818081D957E94001BD1EE /* LaunchScreen.storyboard */ = {
			isa = PBXVariantGroup;
			children = (
				63B818091D957E94001BD1EE /* Base */,
			);
			name = LaunchScreen.storyboard;
			sourceTree = "<group>";
		};
/* End PBXVariantGroup section */

/* Begin XCBuildConfiguration section */
		63B818221D957E94001BD1EE /* Debug */ = {
			isa = XCBuildConfiguration;
			buildSettings = {
				ALWAYS_SEARCH_USER_PATHS = NO;
				CLANG_ANALYZER_NONNULL = YES;
				CLANG_CXX_LANGUAGE_STANDARD = "gnu++0x";
				CLANG_CXX_LIBRARY = "libc++";
				CLANG_ENABLE_MODULES = YES;
				CLANG_ENABLE_OBJC_ARC = YES;
				CLANG_WARN_BOOL_CONVERSION = YES;
				CLANG_WARN_CONSTANT_CONVERSION = YES;
				CLANG_WARN_DIRECT_OBJC_ISA_USAGE = YES_ERROR;
				CLANG_WARN_EMPTY_BODY = YES;
				CLANG_WARN_ENUM_CONVERSION = YES;
				CLANG_WARN_INT_CONVERSION = YES;
				CLANG_WARN_OBJC_ROOT_CLASS = YES_ERROR;
				CLANG_WARN_UNREACHABLE_CODE = YES;
				CLANG_WARN__DUPLICATE_METHOD_MATCH = YES;
				"CODE_SIGN_IDENTITY[sdk=iphoneos*]" = "iPhone Developer";
				COPY_PHASE_STRIP = NO;
				DEBUG_INFORMATION_FORMAT = dwarf;
				ENABLE_STRICT_OBJC_MSGSEND = YES;
				ENABLE_TESTABILITY = YES;
				GCC_C_LANGUAGE_STANDARD = gnu99;
				GCC_DYNAMIC_NO_PIC = NO;
				GCC_NO_COMMON_BLOCKS = YES;
				GCC_OPTIMIZATION_LEVEL = 0;
				GCC_PREPROCESSOR_DEFINITIONS = (
					"DEBUG=1",
					"$(inherited)",
				);
				GCC_WARN_64_TO_32_BIT_CONVERSION = YES;
				GCC_WARN_ABOUT_RETURN_TYPE = YES_ERROR;
				GCC_WARN_UNDECLARED_SELECTOR = YES;
				GCC_WARN_UNINITIALIZED_AUTOS = YES_AGGRESSIVE;
				GCC_WARN_UNUSED_FUNCTION = YES;
				GCC_WARN_UNUSED_VARIABLE = YES;
				IPHONEOS_DEPLOYMENT_TARGET = 9.3;
				MTL_ENABLE_DEBUG_INFO = YES;
				ONLY_ACTIVE_ARCH = YES;
				SDKROOT = iphoneos;
				SWIFT_OPTIMIZATION_LEVEL = "-Onone";
			};
			name = Debug;
		};
		63B818231D957E94001BD1EE /* Release */ = {
			isa = XCBuildConfiguration;
			buildSettings = {
				ALWAYS_SEARCH_USER_PATHS = NO;
				CLANG_ANALYZER_NONNULL = YES;
				CLANG_CXX_LANGUAGE_STANDARD = "gnu++0x";
				CLANG_CXX_LIBRARY = "libc++";
				CLANG_ENABLE_MODULES = YES;
				CLANG_ENABLE_OBJC_ARC = YES;
				CLANG_WARN_BOOL_CONVERSION = YES;
				CLANG_WARN_CONSTANT_CONVERSION = YES;
				CLANG_WARN_DIRECT_OBJC_ISA_USAGE = YES_ERROR;
				CLANG_WARN_EMPTY_BODY = YES;
				CLANG_WARN_ENUM_CONVERSION = YES;
				CLANG_WARN_INT_CONVERSION = YES;
				CLANG_WARN_OBJC_ROOT_CLASS = YES_ERROR;
				CLANG_WARN_UNREACHABLE_CODE = YES;
				CLANG_WARN__DUPLICATE_METHOD_MATCH = YES;
				"CODE_SIGN_IDENTITY[sdk=iphoneos*]" = "iPhone Developer";
				COPY_PHASE_STRIP = NO;
				DEBUG_INFORMATION_FORMAT = "dwarf-with-dsym";
				ENABLE_NS_ASSERTIONS = NO;
				ENABLE_STRICT_OBJC_MSGSEND = YES;
				GCC_C_LANGUAGE_STANDARD = gnu99;
				GCC_NO_COMMON_BLOCKS = YES;
				GCC_WARN_64_TO_32_BIT_CONVERSION = YES;
				GCC_WARN_ABOUT_RETURN_TYPE = YES_ERROR;
				GCC_WARN_UNDECLARED_SELECTOR = YES;
				GCC_WARN_UNINITIALIZED_AUTOS = YES_AGGRESSIVE;
				GCC_WARN_UNUSED_FUNCTION = YES;
				GCC_WARN_UNUSED_VARIABLE = YES;
				IPHONEOS_DEPLOYMENT_TARGET = 9.3;
				MTL_ENABLE_DEBUG_INFO = NO;
				SDKROOT = iphoneos;
				VALIDATE_PRODUCT = YES;
			};
			name = Release;
		};
		63B818251D957E94001BD1EE /* Debug */ = {
			isa = XCBuildConfiguration;
			buildSettings = {
				ASSETCATALOG_COMPILER_APPICON_NAME = AppIcon;
				INFOPLIST_FILE = Matchy/Info.plist;
				LD_RUNPATH_SEARCH_PATHS = "$(inherited) @executable_path/Frameworks";
				PRODUCT_BUNDLE_IDENTIFIER = com.wataru.Matchy;
				PRODUCT_NAME = "$(TARGET_NAME)";
			};
			name = Debug;
		};
		63B818261D957E94001BD1EE /* Release */ = {
			isa = XCBuildConfiguration;
			buildSettings = {
				ASSETCATALOG_COMPILER_APPICON_NAME = AppIcon;
				INFOPLIST_FILE = Matchy/Info.plist;
				LD_RUNPATH_SEARCH_PATHS = "$(inherited) @executable_path/Frameworks";
				PRODUCT_BUNDLE_IDENTIFIER = com.wataru.Matchy;
				PRODUCT_NAME = "$(TARGET_NAME)";
			};
			name = Release;
		};
		63B818281D957E94001BD1EE /* Debug */ = {
			isa = XCBuildConfiguration;
			buildSettings = {
				BUNDLE_LOADER = "$(TEST_HOST)";
				INFOPLIST_FILE = MatchyTests/Info.plist;
				LD_RUNPATH_SEARCH_PATHS = "$(inherited) @executable_path/Frameworks @loader_path/Frameworks";
				PRODUCT_BUNDLE_IDENTIFIER = com.wataru.MatchyTests;
				PRODUCT_NAME = "$(TARGET_NAME)";
				TEST_HOST = "$(BUILT_PRODUCTS_DIR)/Matchy.app/Matchy";
			};
			name = Debug;
		};
		63B818291D957E94001BD1EE /* Release */ = {
			isa = XCBuildConfiguration;
			buildSettings = {
				BUNDLE_LOADER = "$(TEST_HOST)";
				INFOPLIST_FILE = MatchyTests/Info.plist;
				LD_RUNPATH_SEARCH_PATHS = "$(inherited) @executable_path/Frameworks @loader_path/Frameworks";
				PRODUCT_BUNDLE_IDENTIFIER = com.wataru.MatchyTests;
				PRODUCT_NAME = "$(TARGET_NAME)";
				TEST_HOST = "$(BUILT_PRODUCTS_DIR)/Matchy.app/Matchy";
			};
			name = Release;
		};
		63B8182B1D957E94001BD1EE /* Debug */ = {
			isa = XCBuildConfiguration;
			buildSettings = {
				INFOPLIST_FILE = MatchyUITests/Info.plist;
				LD_RUNPATH_SEARCH_PATHS = "$(inherited) @executable_path/Frameworks @loader_path/Frameworks";
				PRODUCT_BUNDLE_IDENTIFIER = com.wataru.MatchyUITests;
				PRODUCT_NAME = "$(TARGET_NAME)";
				TEST_TARGET_NAME = Matchy;
			};
			name = Debug;
		};
		63B8182C1D957E94001BD1EE /* Release */ = {
			isa = XCBuildConfiguration;
			buildSettings = {
				INFOPLIST_FILE = MatchyUITests/Info.plist;
				LD_RUNPATH_SEARCH_PATHS = "$(inherited) @executable_path/Frameworks @loader_path/Frameworks";
				PRODUCT_BUNDLE_IDENTIFIER = com.wataru.MatchyUITests;
				PRODUCT_NAME = "$(TARGET_NAME)";
				TEST_TARGET_NAME = Matchy;
			};
			name = Release;
		};
/* End XCBuildConfiguration section */

/* Begin XCConfigurationList section */
		63B817F71D957E93001BD1EE /* Build configuration list for PBXProject "Matchy" */ = {
			isa = XCConfigurationList;
			buildConfigurations = (
				63B818221D957E94001BD1EE /* Debug */,
				63B818231D957E94001BD1EE /* Release */,
			);
			defaultConfigurationIsVisible = 0;
			defaultConfigurationName = Release;
		};
		63B818241D957E94001BD1EE /* Build configuration list for PBXNativeTarget "Matchy" */ = {
			isa = XCConfigurationList;
			buildConfigurations = (
				63B818251D957E94001BD1EE /* Debug */,
				63B818261D957E94001BD1EE /* Release */,
			);
			defaultConfigurationIsVisible = 0;
		};
		63B818271D957E94001BD1EE /* Build configuration list for PBXNativeTarget "MatchyTests" */ = {
			isa = XCConfigurationList;
			buildConfigurations = (
				63B818281D957E94001BD1EE /* Debug */,
				63B818291D957E94001BD1EE /* Release */,
			);
			defaultConfigurationIsVisible = 0;
		};
		63B8182A1D957E94001BD1EE /* Build configuration list for PBXNativeTarget "MatchyUITests" */ = {
			isa = XCConfigurationList;
			buildConfigurations = (
				63B8182B1D957E94001BD1EE /* Debug */,
				63B8182C1D957E94001BD1EE /* Release */,
			);
			defaultConfigurationIsVisible = 0;
		};
/* End XCConfigurationList section */
	};
	rootObject = 63B817F41D957E93001BD1EE /* Project object */;
}
