// !$*UTF8*$!
{
	archiveVersion = 1;
	classes = {
	};
	objectVersion = 46;
	objects = {

/* Begin PBXBuildFile section */
		022F30CD47E4BF91B4DBE6B7 /* Pods_MatchyUITests.framework in Frameworks */ = {isa = PBXBuildFile; fileRef = 61580B4723C126875E76A38D /* Pods_MatchyUITests.framework */; };
		6344E8011DA8D0AD002B4A15 /* HSTopTab.storyboard in Resources */ = {isa = PBXBuildFile; fileRef = 6344E8001DA8D0AC002B4A15 /* HSTopTab.storyboard */; };
		6344E8031DA8F4D5002B4A15 /* HSQuestion.storyboard in Resources */ = {isa = PBXBuildFile; fileRef = 6344E8021DA8F4D4002B4A15 /* HSQuestion.storyboard */; };
		6344E8051DA8F5A3002B4A15 /* HSSearchUniv.storyboard in Resources */ = {isa = PBXBuildFile; fileRef = 6344E8041DA8F5A3002B4A15 /* HSSearchUniv.storyboard */; };
		6344E8071DA8F5B6002B4A15 /* HSPostQuestion.storyboard in Resources */ = {isa = PBXBuildFile; fileRef = 6344E8061DA8F5B6002B4A15 /* HSPostQuestion.storyboard */; };
		6344E8091DA8F5C3002B4A15 /* HSNotification.storyboard in Resources */ = {isa = PBXBuildFile; fileRef = 6344E8081DA8F5C3002B4A15 /* HSNotification.storyboard */; };
		6344E80B1DA8F5D8002B4A15 /* HSMyPage.storyboard in Resources */ = {isa = PBXBuildFile; fileRef = 6344E80A1DA8F5D8002B4A15 /* HSMyPage.storyboard */; };
		6344E8151DA93736002B4A15 /* HSQuestionTableViewCell.swift in Sources */ = {isa = PBXBuildFile; fileRef = 6344E8131DA93736002B4A15 /* HSQuestionTableViewCell.swift */; };
		6344E8161DA93736002B4A15 /* HSQuestionTableViewCell.xib in Resources */ = {isa = PBXBuildFile; fileRef = 6344E8141DA93736002B4A15 /* HSQuestionTableViewCell.xib */; };
		6344E8181DA948AF002B4A15 /* HSTopTabBarController.swift in Sources */ = {isa = PBXBuildFile; fileRef = 6344E8171DA948AF002B4A15 /* HSTopTabBarController.swift */; };
		6344E81A1DA94A36002B4A15 /* HSQuestionViewController.swift in Sources */ = {isa = PBXBuildFile; fileRef = 6344E8191DA94A36002B4A15 /* HSQuestionViewController.swift */; };
		6348D0681DB20ADF00F52516 /* HSQuestionSelectUnivUserTableViewCell.swift in Sources */ = {isa = PBXBuildFile; fileRef = 6348D0661DB20ADF00F52516 /* HSQuestionSelectUnivUserTableViewCell.swift */; };
		6348D0691DB20ADF00F52516 /* HSQuestionSelectUnivUserTableViewCell.xib in Resources */ = {isa = PBXBuildFile; fileRef = 6348D0671DB20ADF00F52516 /* HSQuestionSelectUnivUserTableViewCell.xib */; };
		6348D06B1DB20C2500F52516 /* HSQuestionSelectUnivUserViewController.swift in Sources */ = {isa = PBXBuildFile; fileRef = 6348D06A1DB20C2500F52516 /* HSQuestionSelectUnivUserViewController.swift */; };
		6348D06D1DB3105500F52516 /* SendEmailVerifyViewController.swift in Sources */ = {isa = PBXBuildFile; fileRef = 6348D06C1DB3105500F52516 /* SendEmailVerifyViewController.swift */; };
		6348D06F1DB36D8100F52516 /* StringExtension.swift in Sources */ = {isa = PBXBuildFile; fileRef = 6348D06E1DB36D8000F52516 /* StringExtension.swift */; };
		6348D0721DB3821B00F52516 /* NSDateExtension.swift in Sources */ = {isa = PBXBuildFile; fileRef = 6348D0711DB3821B00F52516 /* NSDateExtension.swift */; };
		6348D0761DB4C47700F52516 /* SetTagsViewController.swift in Sources */ = {isa = PBXBuildFile; fileRef = 6348D0751DB4C47700F52516 /* SetTagsViewController.swift */; };
		6348D0781DB4C5B800F52516 /* VerifyRegistrationViewController.swift in Sources */ = {isa = PBXBuildFile; fileRef = 6348D0771DB4C5B800F52516 /* VerifyRegistrationViewController.swift */; };
		6359DA951D97D68800A4D106 /* RegistrationHS.storyboard in Resources */ = {isa = PBXBuildFile; fileRef = 6359DA941D97D68800A4D106 /* RegistrationHS.storyboard */; };
		6359DA971D97D6A500A4D106 /* RegistrationHSViewController.swift in Sources */ = {isa = PBXBuildFile; fileRef = 6359DA961D97D6A500A4D106 /* RegistrationHSViewController.swift */; };
		6359DA9A1D97E17E00A4D106 /* SetInfomationOfHSViewController.swift in Sources */ = {isa = PBXBuildFile; fileRef = 6359DA991D97E17E00A4D106 /* SetInfomationOfHSViewController.swift */; };
		6359DA9C1D97E39F00A4D106 /* SelectionTableViewController.swift in Sources */ = {isa = PBXBuildFile; fileRef = 6359DA9B1D97E39F00A4D106 /* SelectionTableViewController.swift */; };
		6359DA9E1D97E40600A4D106 /* SetMyPageViewController.swift in Sources */ = {isa = PBXBuildFile; fileRef = 6359DA9D1D97E40600A4D106 /* SetMyPageViewController.swift */; };
		6361853F1DB8BD450064CCBA /* InputTag.storyboard in Resources */ = {isa = PBXBuildFile; fileRef = 6361853E1DB8BD450064CCBA /* InputTag.storyboard */; };
		636185411DB8BD610064CCBA /* InputTagViewController.swift in Sources */ = {isa = PBXBuildFile; fileRef = 636185401DB8BD610064CCBA /* InputTagViewController.swift */; };
		636185461DB8C5CB0064CCBA /* InputTextViewController.swift in Sources */ = {isa = PBXBuildFile; fileRef = 636185451DB8C5CB0064CCBA /* InputTextViewController.swift */; };
		636185481DB8C5D30064CCBA /* InputText.storyboard in Resources */ = {isa = PBXBuildFile; fileRef = 636185471DB8C5D30064CCBA /* InputText.storyboard */; };
		638290741D9958D1004BD708 /* hoge.swift in Sources */ = {isa = PBXBuildFile; fileRef = 638290731D9958D1004BD708 /* hoge.swift */; };
		639B892F1DBD172B00DEC956 /* GoogleService-Info.plist in Resources */ = {isa = PBXBuildFile; fileRef = 639B892E1DBD172B00DEC956 /* GoogleService-Info.plist */; };
		639B89AB1DC27C0700DEC956 /* UserDelegate.swift in Sources */ = {isa = PBXBuildFile; fileRef = 639B89AA1DC27C0700DEC956 /* UserDelegate.swift */; };
		63B818001D957E93001BD1EE /* AppDelegate.swift in Sources */ = {isa = PBXBuildFile; fileRef = 63B817FF1D957E93001BD1EE /* AppDelegate.swift */; };
		63B818021D957E93001BD1EE /* TopBranchViewController.swift in Sources */ = {isa = PBXBuildFile; fileRef = 63B818011D957E93001BD1EE /* TopBranchViewController.swift */; };
		63B818051D957E94001BD1EE /* Top.storyboard in Resources */ = {isa = PBXBuildFile; fileRef = 63B818031D957E94001BD1EE /* Top.storyboard */; };
		63B818071D957E94001BD1EE /* Assets.xcassets in Resources */ = {isa = PBXBuildFile; fileRef = 63B818061D957E94001BD1EE /* Assets.xcassets */; };
		63B8180A1D957E94001BD1EE /* LaunchScreen.storyboard in Resources */ = {isa = PBXBuildFile; fileRef = 63B818081D957E94001BD1EE /* LaunchScreen.storyboard */; };
		63B818151D957E94001BD1EE /* MatchyTests.swift in Sources */ = {isa = PBXBuildFile; fileRef = 63B818141D957E94001BD1EE /* MatchyTests.swift */; };
		63B818201D957E94001BD1EE /* MatchyUITests.swift in Sources */ = {isa = PBXBuildFile; fileRef = 63B8181F1D957E94001BD1EE /* MatchyUITests.swift */; };
		63B818521D9589E1001BD1EE /* add.png in Resources */ = {isa = PBXBuildFile; fileRef = 63B8182E1D9589E1001BD1EE /* add.png */; };
		63B818531D9589E1001BD1EE /* bell_blue.png in Resources */ = {isa = PBXBuildFile; fileRef = 63B8182F1D9589E1001BD1EE /* bell_blue.png */; };
		63B818541D9589E1001BD1EE /* bell_gray.png in Resources */ = {isa = PBXBuildFile; fileRef = 63B818301D9589E1001BD1EE /* bell_gray.png */; };
		63B818551D9589E1001BD1EE /* books_blue.png in Resources */ = {isa = PBXBuildFile; fileRef = 63B818311D9589E1001BD1EE /* books_blue.png */; };
		63B818561D9589E1001BD1EE /* books_gray.png in Resources */ = {isa = PBXBuildFile; fileRef = 63B818321D9589E1001BD1EE /* books_gray.png */; };
		63B818571D9589E1001BD1EE /* enquete_blue.png in Resources */ = {isa = PBXBuildFile; fileRef = 63B818331D9589E1001BD1EE /* enquete_blue.png */; };
		63B818581D9589E1001BD1EE /* enquete_checked.png in Resources */ = {isa = PBXBuildFile; fileRef = 63B818341D9589E1001BD1EE /* enquete_checked.png */; };
		63B818591D9589E1001BD1EE /* enquete_gray.png in Resources */ = {isa = PBXBuildFile; fileRef = 63B818351D9589E1001BD1EE /* enquete_gray.png */; };
		63B8185A1D9589E1001BD1EE /* gift.png in Resources */ = {isa = PBXBuildFile; fileRef = 63B818361D9589E1001BD1EE /* gift.png */; };
		63B8185B1D9589E1001BD1EE /* good_white.png in Resources */ = {isa = PBXBuildFile; fileRef = 63B818371D9589E1001BD1EE /* good_white.png */; };
		63B8185C1D9589E1001BD1EE /* mail.png in Resources */ = {isa = PBXBuildFile; fileRef = 63B818381D9589E1001BD1EE /* mail.png */; };
		63B8185D1D9589E1001BD1EE /* mail_1message.png in Resources */ = {isa = PBXBuildFile; fileRef = 63B818391D9589E1001BD1EE /* mail_1message.png */; };
		63B8185E1D9589E1001BD1EE /* medal.png in Resources */ = {isa = PBXBuildFile; fileRef = 63B8183A1D9589E1001BD1EE /* medal.png */; };
		63B8185F1D9589E1001BD1EE /* medal_only.png in Resources */ = {isa = PBXBuildFile; fileRef = 63B8183B1D9589E1001BD1EE /* medal_only.png */; };
		63B818601D9589E1001BD1EE /* new_black.png in Resources */ = {isa = PBXBuildFile; fileRef = 63B8183C1D9589E1001BD1EE /* new_black.png */; };
		63B818611D9589E1001BD1EE /* new_blue.png in Resources */ = {isa = PBXBuildFile; fileRef = 63B8183D1D9589E1001BD1EE /* new_blue.png */; };
		63B818621D9589E1001BD1EE /* new_glay.png in Resources */ = {isa = PBXBuildFile; fileRef = 63B8183E1D9589E1001BD1EE /* new_glay.png */; };
		63B818631D9589E1001BD1EE /* new_white.png in Resources */ = {isa = PBXBuildFile; fileRef = 63B8183F1D9589E1001BD1EE /* new_white.png */; };
		63B818641D9589E1001BD1EE /* people_sns.png in Resources */ = {isa = PBXBuildFile; fileRef = 63B818401D9589E1001BD1EE /* people_sns.png */; };
		63B818651D9589E1001BD1EE /* person_blue.png in Resources */ = {isa = PBXBuildFile; fileRef = 63B818411D9589E1001BD1EE /* person_blue.png */; };
		63B818661D9589E1001BD1EE /* person_gray.png in Resources */ = {isa = PBXBuildFile; fileRef = 63B818421D9589E1001BD1EE /* person_gray.png */; };
		63B818671D9589E1001BD1EE /* person_plus_black.png in Resources */ = {isa = PBXBuildFile; fileRef = 63B818431D9589E1001BD1EE /* person_plus_black.png */; };
		63B818681D9589E1001BD1EE /* person_plus_white.png in Resources */ = {isa = PBXBuildFile; fileRef = 63B818441D9589E1001BD1EE /* person_plus_white.png */; };
		63B818691D9589E1001BD1EE /* person_silhouette.png in Resources */ = {isa = PBXBuildFile; fileRef = 63B818451D9589E1001BD1EE /* person_silhouette.png */; };
		63B8186A1D9589E1001BD1EE /* pointing.png in Resources */ = {isa = PBXBuildFile; fileRef = 63B818461D9589E1001BD1EE /* pointing.png */; };
		63B8186B1D9589E1001BD1EE /* rail.jpg in Resources */ = {isa = PBXBuildFile; fileRef = 63B818471D9589E1001BD1EE /* rail.jpg */; };
		63B8186C1D9589E1001BD1EE /* school_1.png in Resources */ = {isa = PBXBuildFile; fileRef = 63B818481D9589E1001BD1EE /* school_1.png */; };
		63B8186D1D9589E1001BD1EE /* school_2.png in Resources */ = {isa = PBXBuildFile; fileRef = 63B818491D9589E1001BD1EE /* school_2.png */; };
		63B8186E1D9589E1001BD1EE /* search_blue.png in Resources */ = {isa = PBXBuildFile; fileRef = 63B8184A1D9589E1001BD1EE /* search_blue.png */; };
		63B8186F1D9589E1001BD1EE /* search_gray.png in Resources */ = {isa = PBXBuildFile; fileRef = 63B8184B1D9589E1001BD1EE /* search_gray.png */; };
		63B818701D9589E1001BD1EE /* search_person_gray.png in Resources */ = {isa = PBXBuildFile; fileRef = 63B8184C1D9589E1001BD1EE /* search_person_gray.png */; };
		63B818711D9589E1001BD1EE /* search_person_white.png in Resources */ = {isa = PBXBuildFile; fileRef = 63B8184D1D9589E1001BD1EE /* search_person_white.png */; };
		63B818721D9589E1001BD1EE /* star_gray.png in Resources */ = {isa = PBXBuildFile; fileRef = 63B8184E1D9589E1001BD1EE /* star_gray.png */; };
		63B818731D9589E1001BD1EE /* star_pink.png in Resources */ = {isa = PBXBuildFile; fileRef = 63B8184F1D9589E1001BD1EE /* star_pink.png */; };
		63B818741D9589E1001BD1EE /* tray.png in Resources */ = {isa = PBXBuildFile; fileRef = 63B818501D9589E1001BD1EE /* tray.png */; };
		63B818751D9589E1001BD1EE /* tray_large.png in Resources */ = {isa = PBXBuildFile; fileRef = 63B818511D9589E1001BD1EE /* tray_large.png */; };
		63B818791D9595C3001BD1EE /* AuthHSUserViewController.swift in Sources */ = {isa = PBXBuildFile; fileRef = 63B818781D9595C3001BD1EE /* AuthHSUserViewController.swift */; };
		63B8187B1D9639EC001BD1EE /* TermOfServiceViewController.swift in Sources */ = {isa = PBXBuildFile; fileRef = 63B8187A1D9639EB001BD1EE /* TermOfServiceViewController.swift */; };
		63B8187D1D9639FD001BD1EE /* PrivacyPolicyViewController.swift in Sources */ = {isa = PBXBuildFile; fileRef = 63B8187C1D9639FD001BD1EE /* PrivacyPolicyViewController.swift */; };
		63C440511DA9D1B800EF5F7E /* UserModel.swift in Sources */ = {isa = PBXBuildFile; fileRef = 63C440501DA9D1B800EF5F7E /* UserModel.swift */; };
		63C440591DA9D60900EF5F7E /* QuestionModel.swift in Sources */ = {isa = PBXBuildFile; fileRef = 63C440581DA9D60900EF5F7E /* QuestionModel.swift */; };
		63C4405B1DA9D73900EF5F7E /* AnswerModel.swift in Sources */ = {isa = PBXBuildFile; fileRef = 63C4405A1DA9D73900EF5F7E /* AnswerModel.swift */; };
		63C4405E1DA9ED9600EF5F7E /* Sample.swift in Sources */ = {isa = PBXBuildFile; fileRef = 63C4405D1DA9ED9600EF5F7E /* Sample.swift */; };
		63C440611DAA242B00EF5F7E /* HSQuestionDetailViewController.swift in Sources */ = {isa = PBXBuildFile; fileRef = 63C440601DAA242B00EF5F7E /* HSQuestionDetailViewController.swift */; };
		63C440641DAA276B00EF5F7E /* HSQestionDetailUnivAnswerTableViewCell.swift in Sources */ = {isa = PBXBuildFile; fileRef = 63C440621DAA276B00EF5F7E /* HSQestionDetailUnivAnswerTableViewCell.swift */; };
		63C440651DAA276B00EF5F7E /* HSQestionDetailUnivAnswerTableViewCell.xib in Resources */ = {isa = PBXBuildFile; fileRef = 63C440631DAA276B00EF5F7E /* HSQestionDetailUnivAnswerTableViewCell.xib */; };
		63C440681DAA3F2C00EF5F7E /* HSQestionDetailTopTableViewCell.swift in Sources */ = {isa = PBXBuildFile; fileRef = 63C440661DAA3F2C00EF5F7E /* HSQestionDetailTopTableViewCell.swift */; };
		63C440691DAA3F2C00EF5F7E /* HSQestionDetailTopTableViewCell.xib in Resources */ = {isa = PBXBuildFile; fileRef = 63C440671DAA3F2C00EF5F7E /* HSQestionDetailTopTableViewCell.xib */; };
		63C4406D1DAA48AB00EF5F7E /* HSUnivUserTableViewCell.swift in Sources */ = {isa = PBXBuildFile; fileRef = 63C4406B1DAA48AB00EF5F7E /* HSUnivUserTableViewCell.swift */; };
		63C4406E1DAA48AB00EF5F7E /* HSUnivUserTableViewCell.xib in Resources */ = {isa = PBXBuildFile; fileRef = 63C4406C1DAA48AB00EF5F7E /* HSUnivUserTableViewCell.xib */; };
		63C440701DAA4B2100EF5F7E /* HSSearchUnivUserViewController.swift in Sources */ = {isa = PBXBuildFile; fileRef = 63C4406F1DAA4B2100EF5F7E /* HSSearchUnivUserViewController.swift */; };
		63C440721DAA52AF00EF5F7E /* HSPostQuestionViewController.swift in Sources */ = {isa = PBXBuildFile; fileRef = 63C440711DAA52AF00EF5F7E /* HSPostQuestionViewController.swift */; };
		63C440751DAA547500EF5F7E /* HSQuestionInputTableViewCell.swift in Sources */ = {isa = PBXBuildFile; fileRef = 63C440731DAA547400EF5F7E /* HSQuestionInputTableViewCell.swift */; };
		63C440761DAA547500EF5F7E /* HSQuestionInputTableViewCell.xib in Resources */ = {isa = PBXBuildFile; fileRef = 63C440741DAA547500EF5F7E /* HSQuestionInputTableViewCell.xib */; };
		63C440781DAA5A6800EF5F7E /* HSQuestionFinishViewController.swift in Sources */ = {isa = PBXBuildFile; fileRef = 63C440771DAA5A6800EF5F7E /* HSQuestionFinishViewController.swift */; };
		63C4407B1DAB705200EF5F7E /* HSNotificationViewController.swift in Sources */ = {isa = PBXBuildFile; fileRef = 63C4407A1DAB705200EF5F7E /* HSNotificationViewController.swift */; };
		63C4407E1DAB8A8100EF5F7E /* HSNotificationTableViewCell.swift in Sources */ = {isa = PBXBuildFile; fileRef = 63C4407C1DAB8A8100EF5F7E /* HSNotificationTableViewCell.swift */; };
		63C4407F1DAB8A8100EF5F7E /* HSNotificationTableViewCell.xib in Resources */ = {isa = PBXBuildFile; fileRef = 63C4407D1DAB8A8100EF5F7E /* HSNotificationTableViewCell.xib */; };
		63C440811DABB7FF00EF5F7E /* HSMyPageViewController.swift in Sources */ = {isa = PBXBuildFile; fileRef = 63C440801DABB7FF00EF5F7E /* HSMyPageViewController.swift */; };
		63C440861DB077AB00EF5F7E /* UITextViewExtension.swift in Sources */ = {isa = PBXBuildFile; fileRef = 63C440851DB077AB00EF5F7E /* UITextViewExtension.swift */; };
		F493388A97FFF2A64BF07C00 /* Pods_MatchyTests.framework in Frameworks */ = {isa = PBXBuildFile; fileRef = 06ED4BDE55DCF18A4012A808 /* Pods_MatchyTests.framework */; };
		F8553AEFE6DAD7C34F249775 /* Pods_Matchy.framework in Frameworks */ = {isa = PBXBuildFile; fileRef = 3D41AB802752D8DD382D3F8B /* Pods_Matchy.framework */; };
/* End PBXBuildFile section */

/* Begin PBXContainerItemProxy section */
		63B818111D957E94001BD1EE /* PBXContainerItemProxy */ = {
			isa = PBXContainerItemProxy;
			containerPortal = 63B817F41D957E93001BD1EE /* Project object */;
			proxyType = 1;
			remoteGlobalIDString = 63B817FB1D957E93001BD1EE;
			remoteInfo = Matchy;
		};
		63B8181C1D957E94001BD1EE /* PBXContainerItemProxy */ = {
			isa = PBXContainerItemProxy;
			containerPortal = 63B817F41D957E93001BD1EE /* Project object */;
			proxyType = 1;
			remoteGlobalIDString = 63B817FB1D957E93001BD1EE;
			remoteInfo = Matchy;
		};
/* End PBXContainerItemProxy section */

/* Begin PBXFileReference section */
		009C29228CB000285DC16C72 /* Pods-MatchyTests.debug.xcconfig */ = {isa = PBXFileReference; includeInIndex = 1; lastKnownFileType = text.xcconfig; name = "Pods-MatchyTests.debug.xcconfig"; path = "Pods/Target Support Files/Pods-MatchyTests/Pods-MatchyTests.debug.xcconfig"; sourceTree = "<group>"; };
		06ED4BDE55DCF18A4012A808 /* Pods_MatchyTests.framework */ = {isa = PBXFileReference; explicitFileType = wrapper.framework; includeInIndex = 0; path = Pods_MatchyTests.framework; sourceTree = BUILT_PRODUCTS_DIR; };
		2E25E0954EB0347DEC1B19C0 /* Pods-MatchyUITests.release.xcconfig */ = {isa = PBXFileReference; includeInIndex = 1; lastKnownFileType = text.xcconfig; name = "Pods-MatchyUITests.release.xcconfig"; path = "Pods/Target Support Files/Pods-MatchyUITests/Pods-MatchyUITests.release.xcconfig"; sourceTree = "<group>"; };
		3D41AB802752D8DD382D3F8B /* Pods_Matchy.framework */ = {isa = PBXFileReference; explicitFileType = wrapper.framework; includeInIndex = 0; path = Pods_Matchy.framework; sourceTree = BUILT_PRODUCTS_DIR; };
		61580B4723C126875E76A38D /* Pods_MatchyUITests.framework */ = {isa = PBXFileReference; explicitFileType = wrapper.framework; includeInIndex = 0; path = Pods_MatchyUITests.framework; sourceTree = BUILT_PRODUCTS_DIR; };
		6344E8001DA8D0AC002B4A15 /* HSTopTab.storyboard */ = {isa = PBXFileReference; fileEncoding = 4; lastKnownFileType = file.storyboard; path = HSTopTab.storyboard; sourceTree = "<group>"; };
		6344E8021DA8F4D4002B4A15 /* HSQuestion.storyboard */ = {isa = PBXFileReference; fileEncoding = 4; lastKnownFileType = file.storyboard; path = HSQuestion.storyboard; sourceTree = "<group>"; };
		6344E8041DA8F5A3002B4A15 /* HSSearchUniv.storyboard */ = {isa = PBXFileReference; fileEncoding = 4; lastKnownFileType = file.storyboard; path = HSSearchUniv.storyboard; sourceTree = "<group>"; };
		6344E8061DA8F5B6002B4A15 /* HSPostQuestion.storyboard */ = {isa = PBXFileReference; fileEncoding = 4; lastKnownFileType = file.storyboard; path = HSPostQuestion.storyboard; sourceTree = "<group>"; };
		6344E8081DA8F5C3002B4A15 /* HSNotification.storyboard */ = {isa = PBXFileReference; fileEncoding = 4; lastKnownFileType = file.storyboard; path = HSNotification.storyboard; sourceTree = "<group>"; };
		6344E80A1DA8F5D8002B4A15 /* HSMyPage.storyboard */ = {isa = PBXFileReference; fileEncoding = 4; lastKnownFileType = file.storyboard; path = HSMyPage.storyboard; sourceTree = "<group>"; };
		6344E8131DA93736002B4A15 /* HSQuestionTableViewCell.swift */ = {isa = PBXFileReference; fileEncoding = 4; lastKnownFileType = sourcecode.swift; path = HSQuestionTableViewCell.swift; sourceTree = "<group>"; };
		6344E8141DA93736002B4A15 /* HSQuestionTableViewCell.xib */ = {isa = PBXFileReference; fileEncoding = 4; lastKnownFileType = file.xib; path = HSQuestionTableViewCell.xib; sourceTree = "<group>"; };
		6344E8171DA948AF002B4A15 /* HSTopTabBarController.swift */ = {isa = PBXFileReference; fileEncoding = 4; lastKnownFileType = sourcecode.swift; path = HSTopTabBarController.swift; sourceTree = "<group>"; };
		6344E8191DA94A36002B4A15 /* HSQuestionViewController.swift */ = {isa = PBXFileReference; fileEncoding = 4; lastKnownFileType = sourcecode.swift; path = HSQuestionViewController.swift; sourceTree = "<group>"; };
		6348D0661DB20ADF00F52516 /* HSQuestionSelectUnivUserTableViewCell.swift */ = {isa = PBXFileReference; fileEncoding = 4; lastKnownFileType = sourcecode.swift; path = HSQuestionSelectUnivUserTableViewCell.swift; sourceTree = "<group>"; };
		6348D0671DB20ADF00F52516 /* HSQuestionSelectUnivUserTableViewCell.xib */ = {isa = PBXFileReference; fileEncoding = 4; lastKnownFileType = file.xib; path = HSQuestionSelectUnivUserTableViewCell.xib; sourceTree = "<group>"; };
		6348D06A1DB20C2500F52516 /* HSQuestionSelectUnivUserViewController.swift */ = {isa = PBXFileReference; fileEncoding = 4; lastKnownFileType = sourcecode.swift; path = HSQuestionSelectUnivUserViewController.swift; sourceTree = "<group>"; };
		6348D06C1DB3105500F52516 /* SendEmailVerifyViewController.swift */ = {isa = PBXFileReference; fileEncoding = 4; lastKnownFileType = sourcecode.swift; path = SendEmailVerifyViewController.swift; sourceTree = "<group>"; };
		6348D06E1DB36D8000F52516 /* StringExtension.swift */ = {isa = PBXFileReference; fileEncoding = 4; lastKnownFileType = sourcecode.swift; path = StringExtension.swift; sourceTree = "<group>"; };
		6348D0701DB37A2000F52516 /* Bridging-Header.h */ = {isa = PBXFileReference; fileEncoding = 4; lastKnownFileType = sourcecode.c.h; path = "Bridging-Header.h"; sourceTree = "<group>"; };
		6348D0711DB3821B00F52516 /* NSDateExtension.swift */ = {isa = PBXFileReference; fileEncoding = 4; lastKnownFileType = sourcecode.swift; path = NSDateExtension.swift; sourceTree = "<group>"; };
		6348D0751DB4C47700F52516 /* SetTagsViewController.swift */ = {isa = PBXFileReference; fileEncoding = 4; lastKnownFileType = sourcecode.swift; path = SetTagsViewController.swift; sourceTree = "<group>"; };
		6348D0771DB4C5B800F52516 /* VerifyRegistrationViewController.swift */ = {isa = PBXFileReference; fileEncoding = 4; lastKnownFileType = sourcecode.swift; path = VerifyRegistrationViewController.swift; sourceTree = "<group>"; };
		6359DA941D97D68800A4D106 /* RegistrationHS.storyboard */ = {isa = PBXFileReference; fileEncoding = 4; lastKnownFileType = file.storyboard; path = RegistrationHS.storyboard; sourceTree = "<group>"; };
		6359DA961D97D6A500A4D106 /* RegistrationHSViewController.swift */ = {isa = PBXFileReference; fileEncoding = 4; lastKnownFileType = sourcecode.swift; path = RegistrationHSViewController.swift; sourceTree = "<group>"; };
		6359DA991D97E17E00A4D106 /* SetInfomationOfHSViewController.swift */ = {isa = PBXFileReference; fileEncoding = 4; lastKnownFileType = sourcecode.swift; path = SetInfomationOfHSViewController.swift; sourceTree = "<group>"; };
		6359DA9B1D97E39F00A4D106 /* SelectionTableViewController.swift */ = {isa = PBXFileReference; fileEncoding = 4; lastKnownFileType = sourcecode.swift; path = SelectionTableViewController.swift; sourceTree = "<group>"; };
		6359DA9D1D97E40600A4D106 /* SetMyPageViewController.swift */ = {isa = PBXFileReference; fileEncoding = 4; lastKnownFileType = sourcecode.swift; path = SetMyPageViewController.swift; sourceTree = "<group>"; };
		6361853E1DB8BD450064CCBA /* InputTag.storyboard */ = {isa = PBXFileReference; fileEncoding = 4; lastKnownFileType = file.storyboard; path = InputTag.storyboard; sourceTree = "<group>"; };
		636185401DB8BD610064CCBA /* InputTagViewController.swift */ = {isa = PBXFileReference; fileEncoding = 4; lastKnownFileType = sourcecode.swift; path = InputTagViewController.swift; sourceTree = "<group>"; };
		636185451DB8C5CB0064CCBA /* InputTextViewController.swift */ = {isa = PBXFileReference; fileEncoding = 4; lastKnownFileType = sourcecode.swift; path = InputTextViewController.swift; sourceTree = "<group>"; };
		636185471DB8C5D30064CCBA /* InputText.storyboard */ = {isa = PBXFileReference; fileEncoding = 4; lastKnownFileType = file.storyboard; path = InputText.storyboard; sourceTree = "<group>"; };
		638290731D9958D1004BD708 /* hoge.swift */ = {isa = PBXFileReference; fileEncoding = 4; lastKnownFileType = sourcecode.swift; path = hoge.swift; sourceTree = "<group>"; };
		639B892E1DBD172B00DEC956 /* GoogleService-Info.plist */ = {isa = PBXFileReference; fileEncoding = 4; lastKnownFileType = text.plist.xml; path = "GoogleService-Info.plist"; sourceTree = "<group>"; };
		639B89AA1DC27C0700DEC956 /* UserDelegate.swift */ = {isa = PBXFileReference; fileEncoding = 4; lastKnownFileType = sourcecode.swift; path = UserDelegate.swift; sourceTree = "<group>"; };
		63B817FC1D957E93001BD1EE /* Matchy.app */ = {isa = PBXFileReference; explicitFileType = wrapper.application; includeInIndex = 0; path = Matchy.app; sourceTree = BUILT_PRODUCTS_DIR; };
		63B817FF1D957E93001BD1EE /* AppDelegate.swift */ = {isa = PBXFileReference; lastKnownFileType = sourcecode.swift; path = AppDelegate.swift; sourceTree = "<group>"; };
		63B818011D957E93001BD1EE /* TopBranchViewController.swift */ = {isa = PBXFileReference; lastKnownFileType = sourcecode.swift; path = TopBranchViewController.swift; sourceTree = "<group>"; };
		63B818041D957E94001BD1EE /* Base */ = {isa = PBXFileReference; lastKnownFileType = file.storyboard; name = Base; path = Base.lproj/Top.storyboard; sourceTree = "<group>"; };
		63B818061D957E94001BD1EE /* Assets.xcassets */ = {isa = PBXFileReference; lastKnownFileType = folder.assetcatalog; path = Assets.xcassets; sourceTree = "<group>"; };
		63B818091D957E94001BD1EE /* Base */ = {isa = PBXFileReference; lastKnownFileType = file.storyboard; name = Base; path = Base.lproj/LaunchScreen.storyboard; sourceTree = "<group>"; };
		63B8180B1D957E94001BD1EE /* Info.plist */ = {isa = PBXFileReference; lastKnownFileType = text.plist.xml; path = Info.plist; sourceTree = "<group>"; };
		63B818101D957E94001BD1EE /* MatchyTests.xctest */ = {isa = PBXFileReference; explicitFileType = wrapper.cfbundle; includeInIndex = 0; path = MatchyTests.xctest; sourceTree = BUILT_PRODUCTS_DIR; };
		63B818141D957E94001BD1EE /* MatchyTests.swift */ = {isa = PBXFileReference; lastKnownFileType = sourcecode.swift; path = MatchyTests.swift; sourceTree = "<group>"; };
		63B818161D957E94001BD1EE /* Info.plist */ = {isa = PBXFileReference; lastKnownFileType = text.plist.xml; path = Info.plist; sourceTree = "<group>"; };
		63B8181B1D957E94001BD1EE /* MatchyUITests.xctest */ = {isa = PBXFileReference; explicitFileType = wrapper.cfbundle; includeInIndex = 0; path = MatchyUITests.xctest; sourceTree = BUILT_PRODUCTS_DIR; };
		63B8181F1D957E94001BD1EE /* MatchyUITests.swift */ = {isa = PBXFileReference; lastKnownFileType = sourcecode.swift; path = MatchyUITests.swift; sourceTree = "<group>"; };
		63B818211D957E94001BD1EE /* Info.plist */ = {isa = PBXFileReference; lastKnownFileType = text.plist.xml; path = Info.plist; sourceTree = "<group>"; };
		63B8182E1D9589E1001BD1EE /* add.png */ = {isa = PBXFileReference; lastKnownFileType = image.png; path = add.png; sourceTree = "<group>"; };
		63B8182F1D9589E1001BD1EE /* bell_blue.png */ = {isa = PBXFileReference; lastKnownFileType = image.png; path = bell_blue.png; sourceTree = "<group>"; };
		63B818301D9589E1001BD1EE /* bell_gray.png */ = {isa = PBXFileReference; lastKnownFileType = image.png; path = bell_gray.png; sourceTree = "<group>"; };
		63B818311D9589E1001BD1EE /* books_blue.png */ = {isa = PBXFileReference; lastKnownFileType = image.png; path = books_blue.png; sourceTree = "<group>"; };
		63B818321D9589E1001BD1EE /* books_gray.png */ = {isa = PBXFileReference; lastKnownFileType = image.png; path = books_gray.png; sourceTree = "<group>"; };
		63B818331D9589E1001BD1EE /* enquete_blue.png */ = {isa = PBXFileReference; lastKnownFileType = image.png; path = enquete_blue.png; sourceTree = "<group>"; };
		63B818341D9589E1001BD1EE /* enquete_checked.png */ = {isa = PBXFileReference; lastKnownFileType = image.png; path = enquete_checked.png; sourceTree = "<group>"; };
		63B818351D9589E1001BD1EE /* enquete_gray.png */ = {isa = PBXFileReference; lastKnownFileType = image.png; path = enquete_gray.png; sourceTree = "<group>"; };
		63B818361D9589E1001BD1EE /* gift.png */ = {isa = PBXFileReference; lastKnownFileType = image.png; path = gift.png; sourceTree = "<group>"; };
		63B818371D9589E1001BD1EE /* good_white.png */ = {isa = PBXFileReference; lastKnownFileType = image.png; path = good_white.png; sourceTree = "<group>"; };
		63B818381D9589E1001BD1EE /* mail.png */ = {isa = PBXFileReference; lastKnownFileType = image.png; path = mail.png; sourceTree = "<group>"; };
		63B818391D9589E1001BD1EE /* mail_1message.png */ = {isa = PBXFileReference; lastKnownFileType = image.png; path = mail_1message.png; sourceTree = "<group>"; };
		63B8183A1D9589E1001BD1EE /* medal.png */ = {isa = PBXFileReference; lastKnownFileType = image.png; path = medal.png; sourceTree = "<group>"; };
		63B8183B1D9589E1001BD1EE /* medal_only.png */ = {isa = PBXFileReference; lastKnownFileType = image.png; path = medal_only.png; sourceTree = "<group>"; };
		63B8183C1D9589E1001BD1EE /* new_black.png */ = {isa = PBXFileReference; lastKnownFileType = image.png; path = new_black.png; sourceTree = "<group>"; };
		63B8183D1D9589E1001BD1EE /* new_blue.png */ = {isa = PBXFileReference; lastKnownFileType = image.png; path = new_blue.png; sourceTree = "<group>"; };
		63B8183E1D9589E1001BD1EE /* new_glay.png */ = {isa = PBXFileReference; lastKnownFileType = image.png; path = new_glay.png; sourceTree = "<group>"; };
		63B8183F1D9589E1001BD1EE /* new_white.png */ = {isa = PBXFileReference; lastKnownFileType = image.png; path = new_white.png; sourceTree = "<group>"; };
		63B818401D9589E1001BD1EE /* people_sns.png */ = {isa = PBXFileReference; lastKnownFileType = image.png; path = people_sns.png; sourceTree = "<group>"; };
		63B818411D9589E1001BD1EE /* person_blue.png */ = {isa = PBXFileReference; lastKnownFileType = image.png; path = person_blue.png; sourceTree = "<group>"; };
		63B818421D9589E1001BD1EE /* person_gray.png */ = {isa = PBXFileReference; lastKnownFileType = image.png; path = person_gray.png; sourceTree = "<group>"; };
		63B818431D9589E1001BD1EE /* person_plus_black.png */ = {isa = PBXFileReference; lastKnownFileType = image.png; path = person_plus_black.png; sourceTree = "<group>"; };
		63B818441D9589E1001BD1EE /* person_plus_white.png */ = {isa = PBXFileReference; lastKnownFileType = image.png; path = person_plus_white.png; sourceTree = "<group>"; };
		63B818451D9589E1001BD1EE /* person_silhouette.png */ = {isa = PBXFileReference; lastKnownFileType = image.png; path = person_silhouette.png; sourceTree = "<group>"; };
		63B818461D9589E1001BD1EE /* pointing.png */ = {isa = PBXFileReference; lastKnownFileType = image.png; path = pointing.png; sourceTree = "<group>"; };
		63B818471D9589E1001BD1EE /* rail.jpg */ = {isa = PBXFileReference; lastKnownFileType = image.jpeg; path = rail.jpg; sourceTree = "<group>"; };
		63B818481D9589E1001BD1EE /* school_1.png */ = {isa = PBXFileReference; lastKnownFileType = image.png; path = school_1.png; sourceTree = "<group>"; };
		63B818491D9589E1001BD1EE /* school_2.png */ = {isa = PBXFileReference; lastKnownFileType = image.png; path = school_2.png; sourceTree = "<group>"; };
		63B8184A1D9589E1001BD1EE /* search_blue.png */ = {isa = PBXFileReference; lastKnownFileType = image.png; path = search_blue.png; sourceTree = "<group>"; };
		63B8184B1D9589E1001BD1EE /* search_gray.png */ = {isa = PBXFileReference; lastKnownFileType = image.png; path = search_gray.png; sourceTree = "<group>"; };
		63B8184C1D9589E1001BD1EE /* search_person_gray.png */ = {isa = PBXFileReference; lastKnownFileType = image.png; path = search_person_gray.png; sourceTree = "<group>"; };
		63B8184D1D9589E1001BD1EE /* search_person_white.png */ = {isa = PBXFileReference; lastKnownFileType = image.png; path = search_person_white.png; sourceTree = "<group>"; };
		63B8184E1D9589E1001BD1EE /* star_gray.png */ = {isa = PBXFileReference; lastKnownFileType = image.png; path = star_gray.png; sourceTree = "<group>"; };
		63B8184F1D9589E1001BD1EE /* star_pink.png */ = {isa = PBXFileReference; lastKnownFileType = image.png; path = star_pink.png; sourceTree = "<group>"; };
		63B818501D9589E1001BD1EE /* tray.png */ = {isa = PBXFileReference; lastKnownFileType = image.png; path = tray.png; sourceTree = "<group>"; };
		63B818511D9589E1001BD1EE /* tray_large.png */ = {isa = PBXFileReference; lastKnownFileType = image.png; path = tray_large.png; sourceTree = "<group>"; };
		63B818781D9595C3001BD1EE /* AuthHSUserViewController.swift */ = {isa = PBXFileReference; fileEncoding = 4; lastKnownFileType = sourcecode.swift; path = AuthHSUserViewController.swift; sourceTree = "<group>"; };
		63B8187A1D9639EB001BD1EE /* TermOfServiceViewController.swift */ = {isa = PBXFileReference; fileEncoding = 4; lastKnownFileType = sourcecode.swift; path = TermOfServiceViewController.swift; sourceTree = "<group>"; };
		63B8187C1D9639FD001BD1EE /* PrivacyPolicyViewController.swift */ = {isa = PBXFileReference; fileEncoding = 4; lastKnownFileType = sourcecode.swift; path = PrivacyPolicyViewController.swift; sourceTree = "<group>"; };
		63C440501DA9D1B800EF5F7E /* UserModel.swift */ = {isa = PBXFileReference; fileEncoding = 4; lastKnownFileType = sourcecode.swift; path = UserModel.swift; sourceTree = "<group>"; };
		63C440581DA9D60900EF5F7E /* QuestionModel.swift */ = {isa = PBXFileReference; fileEncoding = 4; lastKnownFileType = sourcecode.swift; path = QuestionModel.swift; sourceTree = "<group>"; };
		63C4405A1DA9D73900EF5F7E /* AnswerModel.swift */ = {isa = PBXFileReference; fileEncoding = 4; lastKnownFileType = sourcecode.swift; path = AnswerModel.swift; sourceTree = "<group>"; };
		63C4405D1DA9ED9600EF5F7E /* Sample.swift */ = {isa = PBXFileReference; fileEncoding = 4; lastKnownFileType = sourcecode.swift; path = Sample.swift; sourceTree = "<group>"; };
		63C440601DAA242B00EF5F7E /* HSQuestionDetailViewController.swift */ = {isa = PBXFileReference; fileEncoding = 4; lastKnownFileType = sourcecode.swift; path = HSQuestionDetailViewController.swift; sourceTree = "<group>"; };
		63C440621DAA276B00EF5F7E /* HSQestionDetailUnivAnswerTableViewCell.swift */ = {isa = PBXFileReference; fileEncoding = 4; lastKnownFileType = sourcecode.swift; path = HSQestionDetailUnivAnswerTableViewCell.swift; sourceTree = "<group>"; };
		63C440631DAA276B00EF5F7E /* HSQestionDetailUnivAnswerTableViewCell.xib */ = {isa = PBXFileReference; fileEncoding = 4; lastKnownFileType = file.xib; path = HSQestionDetailUnivAnswerTableViewCell.xib; sourceTree = "<group>"; };
		63C440661DAA3F2C00EF5F7E /* HSQestionDetailTopTableViewCell.swift */ = {isa = PBXFileReference; fileEncoding = 4; lastKnownFileType = sourcecode.swift; path = HSQestionDetailTopTableViewCell.swift; sourceTree = "<group>"; };
		63C440671DAA3F2C00EF5F7E /* HSQestionDetailTopTableViewCell.xib */ = {isa = PBXFileReference; fileEncoding = 4; lastKnownFileType = file.xib; path = HSQestionDetailTopTableViewCell.xib; sourceTree = "<group>"; };
		63C4406B1DAA48AB00EF5F7E /* HSUnivUserTableViewCell.swift */ = {isa = PBXFileReference; fileEncoding = 4; lastKnownFileType = sourcecode.swift; path = HSUnivUserTableViewCell.swift; sourceTree = "<group>"; };
		63C4406C1DAA48AB00EF5F7E /* HSUnivUserTableViewCell.xib */ = {isa = PBXFileReference; fileEncoding = 4; lastKnownFileType = file.xib; path = HSUnivUserTableViewCell.xib; sourceTree = "<group>"; };
		63C4406F1DAA4B2100EF5F7E /* HSSearchUnivUserViewController.swift */ = {isa = PBXFileReference; fileEncoding = 4; lastKnownFileType = sourcecode.swift; path = HSSearchUnivUserViewController.swift; sourceTree = "<group>"; };
		63C440711DAA52AF00EF5F7E /* HSPostQuestionViewController.swift */ = {isa = PBXFileReference; fileEncoding = 4; lastKnownFileType = sourcecode.swift; path = HSPostQuestionViewController.swift; sourceTree = "<group>"; };
		63C440731DAA547400EF5F7E /* HSQuestionInputTableViewCell.swift */ = {isa = PBXFileReference; fileEncoding = 4; lastKnownFileType = sourcecode.swift; path = HSQuestionInputTableViewCell.swift; sourceTree = "<group>"; };
		63C440741DAA547500EF5F7E /* HSQuestionInputTableViewCell.xib */ = {isa = PBXFileReference; fileEncoding = 4; lastKnownFileType = file.xib; path = HSQuestionInputTableViewCell.xib; sourceTree = "<group>"; };
		63C440771DAA5A6800EF5F7E /* HSQuestionFinishViewController.swift */ = {isa = PBXFileReference; fileEncoding = 4; lastKnownFileType = sourcecode.swift; path = HSQuestionFinishViewController.swift; sourceTree = "<group>"; };
		63C4407A1DAB705200EF5F7E /* HSNotificationViewController.swift */ = {isa = PBXFileReference; fileEncoding = 4; lastKnownFileType = sourcecode.swift; path = HSNotificationViewController.swift; sourceTree = "<group>"; };
		63C4407C1DAB8A8100EF5F7E /* HSNotificationTableViewCell.swift */ = {isa = PBXFileReference; fileEncoding = 4; lastKnownFileType = sourcecode.swift; path = HSNotificationTableViewCell.swift; sourceTree = "<group>"; };
		63C4407D1DAB8A8100EF5F7E /* HSNotificationTableViewCell.xib */ = {isa = PBXFileReference; fileEncoding = 4; lastKnownFileType = file.xib; path = HSNotificationTableViewCell.xib; sourceTree = "<group>"; };
		63C440801DABB7FF00EF5F7E /* HSMyPageViewController.swift */ = {isa = PBXFileReference; fileEncoding = 4; lastKnownFileType = sourcecode.swift; path = HSMyPageViewController.swift; sourceTree = "<group>"; };
		63C440851DB077AB00EF5F7E /* UITextViewExtension.swift */ = {isa = PBXFileReference; fileEncoding = 4; lastKnownFileType = sourcecode.swift; path = UITextViewExtension.swift; sourceTree = "<group>"; };
		656D138D61CC54DC63270C25 /* Pods-MatchyUITests.debug.xcconfig */ = {isa = PBXFileReference; includeInIndex = 1; lastKnownFileType = text.xcconfig; name = "Pods-MatchyUITests.debug.xcconfig"; path = "Pods/Target Support Files/Pods-MatchyUITests/Pods-MatchyUITests.debug.xcconfig"; sourceTree = "<group>"; };
		8A70C845C747ED16DC1BC3DA /* Pods-MatchyTests.release.xcconfig */ = {isa = PBXFileReference; includeInIndex = 1; lastKnownFileType = text.xcconfig; name = "Pods-MatchyTests.release.xcconfig"; path = "Pods/Target Support Files/Pods-MatchyTests/Pods-MatchyTests.release.xcconfig"; sourceTree = "<group>"; };
		BCE2A5804B64947D13198DB7 /* Pods-Matchy.debug.xcconfig */ = {isa = PBXFileReference; includeInIndex = 1; lastKnownFileType = text.xcconfig; name = "Pods-Matchy.debug.xcconfig"; path = "Pods/Target Support Files/Pods-Matchy/Pods-Matchy.debug.xcconfig"; sourceTree = "<group>"; };
		C18F9E90DCEC26A82DDA1DCB /* Pods-Matchy.release.xcconfig */ = {isa = PBXFileReference; includeInIndex = 1; lastKnownFileType = text.xcconfig; name = "Pods-Matchy.release.xcconfig"; path = "Pods/Target Support Files/Pods-Matchy/Pods-Matchy.release.xcconfig"; sourceTree = "<group>"; };
/* End PBXFileReference section */

/* Begin PBXFrameworksBuildPhase section */
		63B817F91D957E93001BD1EE /* Frameworks */ = {
			isa = PBXFrameworksBuildPhase;
			buildActionMask = 2147483647;
			files = (
				F8553AEFE6DAD7C34F249775 /* Pods_Matchy.framework in Frameworks */,
			);
			runOnlyForDeploymentPostprocessing = 0;
		};
		63B8180D1D957E94001BD1EE /* Frameworks */ = {
			isa = PBXFrameworksBuildPhase;
			buildActionMask = 2147483647;
			files = (
				F493388A97FFF2A64BF07C00 /* Pods_MatchyTests.framework in Frameworks */,
			);
			runOnlyForDeploymentPostprocessing = 0;
		};
		63B818181D957E94001BD1EE /* Frameworks */ = {
			isa = PBXFrameworksBuildPhase;
			buildActionMask = 2147483647;
			files = (
				022F30CD47E4BF91B4DBE6B7 /* Pods_MatchyUITests.framework in Frameworks */,
			);
			runOnlyForDeploymentPostprocessing = 0;
		};
/* End PBXFrameworksBuildPhase section */

/* Begin PBXGroup section */
		6344E7FF1DA5319B002B4A15 /* HS */ = {
			isa = PBXGroup;
			children = (
				6344E8001DA8D0AC002B4A15 /* HSTopTab.storyboard */,
				6344E8171DA948AF002B4A15 /* HSTopTabBarController.swift */,
				6344E80C1DA9024C002B4A15 /* HSQuestion */,
				6344E80D1DA90268002B4A15 /* HSSearchUniv */,
				6344E80E1DA90348002B4A15 /* HSPostQuestion */,
				6344E80F1DA903F0002B4A15 /* HSNotification */,
				6344E8101DA90417002B4A15 /* HSMyPage */,
			);
			name = HS;
			sourceTree = "<group>";
		};
		6344E80C1DA9024C002B4A15 /* HSQuestion */ = {
			isa = PBXGroup;
			children = (
				6344E8021DA8F4D4002B4A15 /* HSQuestion.storyboard */,
				63C4405F1DAA228400EF5F7E /* QuestionList */,
				63C4406A1DAA46C800EF5F7E /* QuestionDetail */,
			);
			name = HSQuestion;
			sourceTree = "<group>";
		};
		6344E80D1DA90268002B4A15 /* HSSearchUniv */ = {
			isa = PBXGroup;
			children = (
				6344E8041DA8F5A3002B4A15 /* HSSearchUniv.storyboard */,
				63C4406F1DAA4B2100EF5F7E /* HSSearchUnivUserViewController.swift */,
				63C4406B1DAA48AB00EF5F7E /* HSUnivUserTableViewCell.swift */,
				63C4406C1DAA48AB00EF5F7E /* HSUnivUserTableViewCell.xib */,
			);
			name = HSSearchUniv;
			sourceTree = "<group>";
		};
		6344E80E1DA90348002B4A15 /* HSPostQuestion */ = {
			isa = PBXGroup;
			children = (
				6344E8061DA8F5B6002B4A15 /* HSPostQuestion.storyboard */,
				63C440791DAA5C7400EF5F7E /* HSPostQuestionInput */,
			);
			name = HSPostQuestion;
			sourceTree = "<group>";
		};
		6344E80F1DA903F0002B4A15 /* HSNotification */ = {
			isa = PBXGroup;
			children = (
				6344E8081DA8F5C3002B4A15 /* HSNotification.storyboard */,
				63C4407A1DAB705200EF5F7E /* HSNotificationViewController.swift */,
				63C4407C1DAB8A8100EF5F7E /* HSNotificationTableViewCell.swift */,
				63C4407D1DAB8A8100EF5F7E /* HSNotificationTableViewCell.xib */,
			);
			name = HSNotification;
			sourceTree = "<group>";
		};
		6344E8101DA90417002B4A15 /* HSMyPage */ = {
			isa = PBXGroup;
			children = (
				6344E80A1DA8F5D8002B4A15 /* HSMyPage.storyboard */,
				63C440801DABB7FF00EF5F7E /* HSMyPageViewController.swift */,
			);
			name = HSMyPage;
			sourceTree = "<group>";
		};
		6359DA931D97D65200A4D106 /* TopBranch */ = {
			isa = PBXGroup;
			children = (
				63B818011D957E93001BD1EE /* TopBranchViewController.swift */,
				63B818781D9595C3001BD1EE /* AuthHSUserViewController.swift */,
				63B8187A1D9639EB001BD1EE /* TermOfServiceViewController.swift */,
				63B8187C1D9639FD001BD1EE /* PrivacyPolicyViewController.swift */,
				6348D06C1DB3105500F52516 /* SendEmailVerifyViewController.swift */,
				63B818031D957E94001BD1EE /* Top.storyboard */,
			);
			name = TopBranch;
			sourceTree = "<group>";
		};
		6359DA981D97E09500A4D106 /* RegistrationHS */ = {
			isa = PBXGroup;
			children = (
				6359DA961D97D6A500A4D106 /* RegistrationHSViewController.swift */,
				6359DA991D97E17E00A4D106 /* SetInfomationOfHSViewController.swift */,
				6359DA9B1D97E39F00A4D106 /* SelectionTableViewController.swift */,
				638290731D9958D1004BD708 /* hoge.swift */,
				6359DA9D1D97E40600A4D106 /* SetMyPageViewController.swift */,
				6348D0751DB4C47700F52516 /* SetTagsViewController.swift */,
				6348D0771DB4C5B800F52516 /* VerifyRegistrationViewController.swift */,
				6359DA941D97D68800A4D106 /* RegistrationHS.storyboard */,
			);
			name = RegistrationHS;
			sourceTree = "<group>";
		};
		636185421DB8BE6B0064CCBA /* ExtraStoryBoard */ = {
			isa = PBXGroup;
			children = (
				636185441DB8C58A0064CCBA /* InputText */,
				636185431DB8BE970064CCBA /* InputTag */,
			);
			name = ExtraStoryBoard;
			sourceTree = "<group>";
		};
		636185431DB8BE970064CCBA /* InputTag */ = {
			isa = PBXGroup;
			children = (
				6361853E1DB8BD450064CCBA /* InputTag.storyboard */,
				636185401DB8BD610064CCBA /* InputTagViewController.swift */,
			);
			name = InputTag;
			sourceTree = "<group>";
		};
		636185441DB8C58A0064CCBA /* InputText */ = {
			isa = PBXGroup;
			children = (
				636185471DB8C5D30064CCBA /* InputText.storyboard */,
				636185451DB8C5CB0064CCBA /* InputTextViewController.swift */,
			);
			name = InputText;
			sourceTree = "<group>";
		};
		63B817F31D957E93001BD1EE = {
			isa = PBXGroup;
			children = (
				6348D0701DB37A2000F52516 /* Bridging-Header.h */,
				63B817FE1D957E93001BD1EE /* Matchy */,
				63B818131D957E94001BD1EE /* MatchyTests */,
				63B8181E1D957E94001BD1EE /* MatchyUITests */,
				63B817FD1D957E93001BD1EE /* Products */,
				6ACCB9D1273AF052957D0BD0 /* Pods */,
				E660EC11AAF907E781996BE9 /* Frameworks */,
			);
			sourceTree = "<group>";
		};
		63B817FD1D957E93001BD1EE /* Products */ = {
			isa = PBXGroup;
			children = (
				63B817FC1D957E93001BD1EE /* Matchy.app */,
				63B818101D957E94001BD1EE /* MatchyTests.xctest */,
				63B8181B1D957E94001BD1EE /* MatchyUITests.xctest */,
			);
			name = Products;
			sourceTree = "<group>";
		};
		63B817FE1D957E93001BD1EE /* Matchy */ = {
			isa = PBXGroup;
			children = (
				63B817FF1D957E93001BD1EE /* AppDelegate.swift */,
				639B89AA1DC27C0700DEC956 /* UserDelegate.swift */,
				63C4405D1DA9ED9600EF5F7E /* Sample.swift */,
				63C440841DB0776D00EF5F7E /* Extensions */,
				63C4405C1DA9D82600EF5F7E /* Models */,
				6359DA931D97D65200A4D106 /* TopBranch */,
				6359DA981D97E09500A4D106 /* RegistrationHS */,
				6344E7FF1DA5319B002B4A15 /* HS */,
				63B818061D957E94001BD1EE /* Assets.xcassets */,
				636185421DB8BE6B0064CCBA /* ExtraStoryBoard */,
				63B818081D957E94001BD1EE /* LaunchScreen.storyboard */,
				639B892E1DBD172B00DEC956 /* GoogleService-Info.plist */,
				63B8180B1D957E94001BD1EE /* Info.plist */,
				63B8182D1D9589E1001BD1EE /* Matchy_icon */,
			);
			path = Matchy;
			sourceTree = "<group>";
		};
		63B818131D957E94001BD1EE /* MatchyTests */ = {
			isa = PBXGroup;
			children = (
				63B818141D957E94001BD1EE /* MatchyTests.swift */,
				63B818161D957E94001BD1EE /* Info.plist */,
			);
			path = MatchyTests;
			sourceTree = "<group>";
		};
		63B8181E1D957E94001BD1EE /* MatchyUITests */ = {
			isa = PBXGroup;
			children = (
				63B8181F1D957E94001BD1EE /* MatchyUITests.swift */,
				63B818211D957E94001BD1EE /* Info.plist */,
			);
			path = MatchyUITests;
			sourceTree = "<group>";
		};
		63B8182D1D9589E1001BD1EE /* Matchy_icon */ = {
			isa = PBXGroup;
			children = (
				63B8182E1D9589E1001BD1EE /* add.png */,
				63B8182F1D9589E1001BD1EE /* bell_blue.png */,
				63B818301D9589E1001BD1EE /* bell_gray.png */,
				63B818311D9589E1001BD1EE /* books_blue.png */,
				63B818321D9589E1001BD1EE /* books_gray.png */,
				63B818331D9589E1001BD1EE /* enquete_blue.png */,
				63B818341D9589E1001BD1EE /* enquete_checked.png */,
				63B818351D9589E1001BD1EE /* enquete_gray.png */,
				63B818361D9589E1001BD1EE /* gift.png */,
				63B818371D9589E1001BD1EE /* good_white.png */,
				63B818381D9589E1001BD1EE /* mail.png */,
				63B818391D9589E1001BD1EE /* mail_1message.png */,
				63B8183A1D9589E1001BD1EE /* medal.png */,
				63B8183B1D9589E1001BD1EE /* medal_only.png */,
				63B8183C1D9589E1001BD1EE /* new_black.png */,
				63B8183D1D9589E1001BD1EE /* new_blue.png */,
				63B8183E1D9589E1001BD1EE /* new_glay.png */,
				63B8183F1D9589E1001BD1EE /* new_white.png */,
				63B818401D9589E1001BD1EE /* people_sns.png */,
				63B818411D9589E1001BD1EE /* person_blue.png */,
				63B818421D9589E1001BD1EE /* person_gray.png */,
				63B818431D9589E1001BD1EE /* person_plus_black.png */,
				63B818441D9589E1001BD1EE /* person_plus_white.png */,
				63B818451D9589E1001BD1EE /* person_silhouette.png */,
				63B818461D9589E1001BD1EE /* pointing.png */,
				63B818471D9589E1001BD1EE /* rail.jpg */,
				63B818481D9589E1001BD1EE /* school_1.png */,
				63B818491D9589E1001BD1EE /* school_2.png */,
				63B8184A1D9589E1001BD1EE /* search_blue.png */,
				63B8184B1D9589E1001BD1EE /* search_gray.png */,
				63B8184C1D9589E1001BD1EE /* search_person_gray.png */,
				63B8184D1D9589E1001BD1EE /* search_person_white.png */,
				63B8184E1D9589E1001BD1EE /* star_gray.png */,
				63B8184F1D9589E1001BD1EE /* star_pink.png */,
				63B818501D9589E1001BD1EE /* tray.png */,
				63B818511D9589E1001BD1EE /* tray_large.png */,
			);
			path = Matchy_icon;
			sourceTree = "<group>";
		};
		63C4405C1DA9D82600EF5F7E /* Models */ = {
			isa = PBXGroup;
			children = (
				63C440501DA9D1B800EF5F7E /* UserModel.swift */,
				63C440581DA9D60900EF5F7E /* QuestionModel.swift */,
				63C4405A1DA9D73900EF5F7E /* AnswerModel.swift */,
			);
			name = Models;
			sourceTree = "<group>";
		};
		63C4405F1DAA228400EF5F7E /* QuestionList */ = {
			isa = PBXGroup;
			children = (
				6344E8191DA94A36002B4A15 /* HSQuestionViewController.swift */,
				6344E8131DA93736002B4A15 /* HSQuestionTableViewCell.swift */,
				6344E8141DA93736002B4A15 /* HSQuestionTableViewCell.xib */,
			);
			name = QuestionList;
			sourceTree = "<group>";
		};
		63C4406A1DAA46C800EF5F7E /* QuestionDetail */ = {
			isa = PBXGroup;
			children = (
				63C440601DAA242B00EF5F7E /* HSQuestionDetailViewController.swift */,
				63C440661DAA3F2C00EF5F7E /* HSQestionDetailTopTableViewCell.swift */,
				63C440671DAA3F2C00EF5F7E /* HSQestionDetailTopTableViewCell.xib */,
				63C440621DAA276B00EF5F7E /* HSQestionDetailUnivAnswerTableViewCell.swift */,
				63C440631DAA276B00EF5F7E /* HSQestionDetailUnivAnswerTableViewCell.xib */,
			);
			name = QuestionDetail;
			sourceTree = "<group>";
		};
		63C440791DAA5C7400EF5F7E /* HSPostQuestionInput */ = {
			isa = PBXGroup;
			children = (
				63C440711DAA52AF00EF5F7E /* HSPostQuestionViewController.swift */,
				63C440731DAA547400EF5F7E /* HSQuestionInputTableViewCell.swift */,
				63C440741DAA547500EF5F7E /* HSQuestionInputTableViewCell.xib */,
				6348D06A1DB20C2500F52516 /* HSQuestionSelectUnivUserViewController.swift */,
				6348D0661DB20ADF00F52516 /* HSQuestionSelectUnivUserTableViewCell.swift */,
				6348D0671DB20ADF00F52516 /* HSQuestionSelectUnivUserTableViewCell.xib */,
				63C440771DAA5A6800EF5F7E /* HSQuestionFinishViewController.swift */,
			);
			name = HSPostQuestionInput;
			sourceTree = "<group>";
		};
		63C440841DB0776D00EF5F7E /* Extensions */ = {
			isa = PBXGroup;
			children = (
				63C440851DB077AB00EF5F7E /* UITextViewExtension.swift */,
				6348D06E1DB36D8000F52516 /* StringExtension.swift */,
				6348D0711DB3821B00F52516 /* NSDateExtension.swift */,
			);
			name = Extensions;
			sourceTree = "<group>";
		};
		6ACCB9D1273AF052957D0BD0 /* Pods */ = {
			isa = PBXGroup;
			children = (
				BCE2A5804B64947D13198DB7 /* Pods-Matchy.debug.xcconfig */,
				C18F9E90DCEC26A82DDA1DCB /* Pods-Matchy.release.xcconfig */,
				009C29228CB000285DC16C72 /* Pods-MatchyTests.debug.xcconfig */,
				8A70C845C747ED16DC1BC3DA /* Pods-MatchyTests.release.xcconfig */,
				656D138D61CC54DC63270C25 /* Pods-MatchyUITests.debug.xcconfig */,
				2E25E0954EB0347DEC1B19C0 /* Pods-MatchyUITests.release.xcconfig */,
			);
			name = Pods;
			sourceTree = "<group>";
		};
		E660EC11AAF907E781996BE9 /* Frameworks */ = {
			isa = PBXGroup;
			children = (
				3D41AB802752D8DD382D3F8B /* Pods_Matchy.framework */,
				06ED4BDE55DCF18A4012A808 /* Pods_MatchyTests.framework */,
				61580B4723C126875E76A38D /* Pods_MatchyUITests.framework */,
			);
			name = Frameworks;
			sourceTree = "<group>";
		};
/* End PBXGroup section */

/* Begin PBXNativeTarget section */
		63B817FB1D957E93001BD1EE /* Matchy */ = {
			isa = PBXNativeTarget;
			buildConfigurationList = 63B818241D957E94001BD1EE /* Build configuration list for PBXNativeTarget "Matchy" */;
			buildPhases = (
				FE5BA4F089DE5A2139490C39 /* [CP] Check Pods Manifest.lock */,
				63B817F81D957E93001BD1EE /* Sources */,
				63B817F91D957E93001BD1EE /* Frameworks */,
				63B817FA1D957E93001BD1EE /* Resources */,
				C68A94A076EA450BD57B557E /* [CP] Embed Pods Frameworks */,
				78BE72EF1A213A229DEE8F38 /* [CP] Copy Pods Resources */,
			);
			buildRules = (
			);
			dependencies = (
			);
			name = Matchy;
			productName = Matchy;
			productReference = 63B817FC1D957E93001BD1EE /* Matchy.app */;
			productType = "com.apple.product-type.application";
		};
		63B8180F1D957E94001BD1EE /* MatchyTests */ = {
			isa = PBXNativeTarget;
			buildConfigurationList = 63B818271D957E94001BD1EE /* Build configuration list for PBXNativeTarget "MatchyTests" */;
			buildPhases = (
				0812D90D71F1E40D694A9EB7 /* [CP] Check Pods Manifest.lock */,
				63B8180C1D957E94001BD1EE /* Sources */,
				63B8180D1D957E94001BD1EE /* Frameworks */,
				63B8180E1D957E94001BD1EE /* Resources */,
				9E7448EFCBE0B8346C8075F0 /* [CP] Embed Pods Frameworks */,
				92D0CC1928D7768242416287 /* [CP] Copy Pods Resources */,
			);
			buildRules = (
			);
			dependencies = (
				63B818121D957E94001BD1EE /* PBXTargetDependency */,
			);
			name = MatchyTests;
			productName = MatchyTests;
			productReference = 63B818101D957E94001BD1EE /* MatchyTests.xctest */;
			productType = "com.apple.product-type.bundle.unit-test";
		};
		63B8181A1D957E94001BD1EE /* MatchyUITests */ = {
			isa = PBXNativeTarget;
			buildConfigurationList = 63B8182A1D957E94001BD1EE /* Build configuration list for PBXNativeTarget "MatchyUITests" */;
			buildPhases = (
				1853A42B89C49A78225B1B52 /* [CP] Check Pods Manifest.lock */,
				63B818171D957E94001BD1EE /* Sources */,
				63B818181D957E94001BD1EE /* Frameworks */,
				63B818191D957E94001BD1EE /* Resources */,
				F278DB0F7BA6F434831AA82B /* [CP] Copy Pods Resources */,
			);
			buildRules = (
			);
			dependencies = (
				63B8181D1D957E94001BD1EE /* PBXTargetDependency */,
			);
			name = MatchyUITests;
			productName = MatchyUITests;
			productReference = 63B8181B1D957E94001BD1EE /* MatchyUITests.xctest */;
			productType = "com.apple.product-type.bundle.ui-testing";
		};
/* End PBXNativeTarget section */

/* Begin PBXProject section */
		63B817F41D957E93001BD1EE /* Project object */ = {
			isa = PBXProject;
			attributes = {
				LastSwiftUpdateCheck = 0730;
				LastUpgradeCheck = 0800;
				ORGANIZATIONNAME = "Wataru Inoue";
				TargetAttributes = {
					63B817FB1D957E93001BD1EE = {
						CreatedOnToolsVersion = 7.3;
						DevelopmentTeam = 44KX7M22LP;
					};
					63B8180F1D957E94001BD1EE = {
						CreatedOnToolsVersion = 7.3;
						DevelopmentTeam = CJPA6M3LJM;
						TestTargetID = 63B817FB1D957E93001BD1EE;
					};
					63B8181A1D957E94001BD1EE = {
						CreatedOnToolsVersion = 7.3;
						DevelopmentTeam = CJPA6M3LJM;
						TestTargetID = 63B817FB1D957E93001BD1EE;
					};
				};
			};
			buildConfigurationList = 63B817F71D957E93001BD1EE /* Build configuration list for PBXProject "Matchy" */;
			compatibilityVersion = "Xcode 3.2";
			developmentRegion = English;
			hasScannedForEncodings = 0;
			knownRegions = (
				en,
				Base,
			);
			mainGroup = 63B817F31D957E93001BD1EE;
			productRefGroup = 63B817FD1D957E93001BD1EE /* Products */;
			projectDirPath = "";
			projectRoot = "";
			targets = (
				63B817FB1D957E93001BD1EE /* Matchy */,
				63B8180F1D957E94001BD1EE /* MatchyTests */,
				63B8181A1D957E94001BD1EE /* MatchyUITests */,
			);
		};
/* End PBXProject section */

/* Begin PBXResourcesBuildPhase section */
		63B817FA1D957E93001BD1EE /* Resources */ = {
			isa = PBXResourcesBuildPhase;
			buildActionMask = 2147483647;
			files = (
				636185481DB8C5D30064CCBA /* InputText.storyboard in Resources */,
				63B8185C1D9589E1001BD1EE /* mail.png in Resources */,
				63C440691DAA3F2C00EF5F7E /* HSQestionDetailTopTableViewCell.xib in Resources */,
				63B818731D9589E1001BD1EE /* star_pink.png in Resources */,
				63B818631D9589E1001BD1EE /* new_white.png in Resources */,
				63B818551D9589E1001BD1EE /* books_blue.png in Resources */,
				63B8186C1D9589E1001BD1EE /* school_1.png in Resources */,
				63B818661D9589E1001BD1EE /* person_gray.png in Resources */,
				63B8185F1D9589E1001BD1EE /* medal_only.png in Resources */,
				63B8185D1D9589E1001BD1EE /* mail_1message.png in Resources */,
				63B818591D9589E1001BD1EE /* enquete_gray.png in Resources */,
				63B818561D9589E1001BD1EE /* books_gray.png in Resources */,
				6344E80B1DA8F5D8002B4A15 /* HSMyPage.storyboard in Resources */,
				63B818651D9589E1001BD1EE /* person_blue.png in Resources */,
				6361853F1DB8BD450064CCBA /* InputTag.storyboard in Resources */,
				63B818611D9589E1001BD1EE /* new_blue.png in Resources */,
				63B818701D9589E1001BD1EE /* search_person_gray.png in Resources */,
				63B818721D9589E1001BD1EE /* star_gray.png in Resources */,
				63B8180A1D957E94001BD1EE /* LaunchScreen.storyboard in Resources */,
				63B8185B1D9589E1001BD1EE /* good_white.png in Resources */,
				63B818621D9589E1001BD1EE /* new_glay.png in Resources */,
				63B818571D9589E1001BD1EE /* enquete_blue.png in Resources */,
				63C4406E1DAA48AB00EF5F7E /* HSUnivUserTableViewCell.xib in Resources */,
				63B818691D9589E1001BD1EE /* person_silhouette.png in Resources */,
				63B8186A1D9589E1001BD1EE /* pointing.png in Resources */,
				63B8185A1D9589E1001BD1EE /* gift.png in Resources */,
				63B818071D957E94001BD1EE /* Assets.xcassets in Resources */,
				63B8186D1D9589E1001BD1EE /* school_2.png in Resources */,
				63B818051D957E94001BD1EE /* Top.storyboard in Resources */,
				63B818601D9589E1001BD1EE /* new_black.png in Resources */,
				6344E8071DA8F5B6002B4A15 /* HSPostQuestion.storyboard in Resources */,
				6359DA951D97D68800A4D106 /* RegistrationHS.storyboard in Resources */,
				63C440651DAA276B00EF5F7E /* HSQestionDetailUnivAnswerTableViewCell.xib in Resources */,
				63C4407F1DAB8A8100EF5F7E /* HSNotificationTableViewCell.xib in Resources */,
				63B818681D9589E1001BD1EE /* person_plus_white.png in Resources */,
				63B818541D9589E1001BD1EE /* bell_gray.png in Resources */,
				63B818751D9589E1001BD1EE /* tray_large.png in Resources */,
				63B818711D9589E1001BD1EE /* search_person_white.png in Resources */,
				63B8186F1D9589E1001BD1EE /* search_gray.png in Resources */,
				63B818671D9589E1001BD1EE /* person_plus_black.png in Resources */,
				6344E8161DA93736002B4A15 /* HSQuestionTableViewCell.xib in Resources */,
				639B892F1DBD172B00DEC956 /* GoogleService-Info.plist in Resources */,
				63B818531D9589E1001BD1EE /* bell_blue.png in Resources */,
				63B818741D9589E1001BD1EE /* tray.png in Resources */,
				63B818521D9589E1001BD1EE /* add.png in Resources */,
				6344E8031DA8F4D5002B4A15 /* HSQuestion.storyboard in Resources */,
				63B818581D9589E1001BD1EE /* enquete_checked.png in Resources */,
				63B8185E1D9589E1001BD1EE /* medal.png in Resources */,
				63B8186B1D9589E1001BD1EE /* rail.jpg in Resources */,
				6344E8091DA8F5C3002B4A15 /* HSNotification.storyboard in Resources */,
				63B818641D9589E1001BD1EE /* people_sns.png in Resources */,
				6344E8051DA8F5A3002B4A15 /* HSSearchUniv.storyboard in Resources */,
				63B8186E1D9589E1001BD1EE /* search_blue.png in Resources */,
				6348D0691DB20ADF00F52516 /* HSQuestionSelectUnivUserTableViewCell.xib in Resources */,
				63C440761DAA547500EF5F7E /* HSQuestionInputTableViewCell.xib in Resources */,
				6344E8011DA8D0AD002B4A15 /* HSTopTab.storyboard in Resources */,
			);
			runOnlyForDeploymentPostprocessing = 0;
		};
		63B8180E1D957E94001BD1EE /* Resources */ = {
			isa = PBXResourcesBuildPhase;
			buildActionMask = 2147483647;
			files = (
			);
			runOnlyForDeploymentPostprocessing = 0;
		};
		63B818191D957E94001BD1EE /* Resources */ = {
			isa = PBXResourcesBuildPhase;
			buildActionMask = 2147483647;
			files = (
			);
			runOnlyForDeploymentPostprocessing = 0;
		};
/* End PBXResourcesBuildPhase section */

/* Begin PBXShellScriptBuildPhase section */
		0812D90D71F1E40D694A9EB7 /* [CP] Check Pods Manifest.lock */ = {
			isa = PBXShellScriptBuildPhase;
			buildActionMask = 2147483647;
			files = (
			);
			inputPaths = (
			);
			name = "[CP] Check Pods Manifest.lock";
			outputPaths = (
			);
			runOnlyForDeploymentPostprocessing = 0;
			shellPath = /bin/sh;
			shellScript = "diff \"${PODS_ROOT}/../Podfile.lock\" \"${PODS_ROOT}/Manifest.lock\" > /dev/null\nif [[ $? != 0 ]] ; then\n    cat << EOM\nerror: The sandbox is not in sync with the Podfile.lock. Run 'pod install' or update your CocoaPods installation.\nEOM\n    exit 1\nfi\n";
			showEnvVarsInLog = 0;
		};
		1853A42B89C49A78225B1B52 /* [CP] Check Pods Manifest.lock */ = {
			isa = PBXShellScriptBuildPhase;
			buildActionMask = 2147483647;
			files = (
			);
			inputPaths = (
			);
			name = "[CP] Check Pods Manifest.lock";
			outputPaths = (
			);
			runOnlyForDeploymentPostprocessing = 0;
			shellPath = /bin/sh;
			shellScript = "diff \"${PODS_ROOT}/../Podfile.lock\" \"${PODS_ROOT}/Manifest.lock\" > /dev/null\nif [[ $? != 0 ]] ; then\n    cat << EOM\nerror: The sandbox is not in sync with the Podfile.lock. Run 'pod install' or update your CocoaPods installation.\nEOM\n    exit 1\nfi\n";
			showEnvVarsInLog = 0;
		};
		78BE72EF1A213A229DEE8F38 /* [CP] Copy Pods Resources */ = {
			isa = PBXShellScriptBuildPhase;
			buildActionMask = 2147483647;
			files = (
			);
			inputPaths = (
			);
			name = "[CP] Copy Pods Resources";
			outputPaths = (
			);
			runOnlyForDeploymentPostprocessing = 0;
			shellPath = /bin/sh;
			shellScript = "\"${SRCROOT}/Pods/Target Support Files/Pods-Matchy/Pods-Matchy-resources.sh\"\n";
			showEnvVarsInLog = 0;
		};
		92D0CC1928D7768242416287 /* [CP] Copy Pods Resources */ = {
			isa = PBXShellScriptBuildPhase;
			buildActionMask = 2147483647;
			files = (
			);
			inputPaths = (
			);
			name = "[CP] Copy Pods Resources";
			outputPaths = (
			);
			runOnlyForDeploymentPostprocessing = 0;
			shellPath = /bin/sh;
			shellScript = "\"${SRCROOT}/Pods/Target Support Files/Pods-MatchyTests/Pods-MatchyTests-resources.sh\"\n";
			showEnvVarsInLog = 0;
		};
		9E7448EFCBE0B8346C8075F0 /* [CP] Embed Pods Frameworks */ = {
			isa = PBXShellScriptBuildPhase;
			buildActionMask = 2147483647;
			files = (
			);
			inputPaths = (
			);
			name = "[CP] Embed Pods Frameworks";
			outputPaths = (
			);
			runOnlyForDeploymentPostprocessing = 0;
			shellPath = /bin/sh;
			shellScript = "\"${SRCROOT}/Pods/Target Support Files/Pods-MatchyTests/Pods-MatchyTests-frameworks.sh\"\n";
			showEnvVarsInLog = 0;
		};
		C68A94A076EA450BD57B557E /* [CP] Embed Pods Frameworks */ = {
			isa = PBXShellScriptBuildPhase;
			buildActionMask = 2147483647;
			files = (
			);
			inputPaths = (
			);
			name = "[CP] Embed Pods Frameworks";
			outputPaths = (
			);
			runOnlyForDeploymentPostprocessing = 0;
			shellPath = /bin/sh;
			shellScript = "\"${SRCROOT}/Pods/Target Support Files/Pods-Matchy/Pods-Matchy-frameworks.sh\"\n";
			showEnvVarsInLog = 0;
		};
		F278DB0F7BA6F434831AA82B /* [CP] Copy Pods Resources */ = {
			isa = PBXShellScriptBuildPhase;
			buildActionMask = 2147483647;
			files = (
			);
			inputPaths = (
			);
			name = "[CP] Copy Pods Resources";
			outputPaths = (
			);
			runOnlyForDeploymentPostprocessing = 0;
			shellPath = /bin/sh;
			shellScript = "\"${SRCROOT}/Pods/Target Support Files/Pods-MatchyUITests/Pods-MatchyUITests-resources.sh\"\n";
			showEnvVarsInLog = 0;
		};
		FE5BA4F089DE5A2139490C39 /* [CP] Check Pods Manifest.lock */ = {
			isa = PBXShellScriptBuildPhase;
			buildActionMask = 2147483647;
			files = (
			);
			inputPaths = (
			);
			name = "[CP] Check Pods Manifest.lock";
			outputPaths = (
			);
			runOnlyForDeploymentPostprocessing = 0;
			shellPath = /bin/sh;
			shellScript = "diff \"${PODS_ROOT}/../Podfile.lock\" \"${PODS_ROOT}/Manifest.lock\" > /dev/null\nif [[ $? != 0 ]] ; then\n    cat << EOM\nerror: The sandbox is not in sync with the Podfile.lock. Run 'pod install' or update your CocoaPods installation.\nEOM\n    exit 1\nfi\n";
			showEnvVarsInLog = 0;
		};
/* End PBXShellScriptBuildPhase section */

/* Begin PBXSourcesBuildPhase section */
		63B817F81D957E93001BD1EE /* Sources */ = {
			isa = PBXSourcesBuildPhase;
			buildActionMask = 2147483647;
			files = (
				6348D0761DB4C47700F52516 /* SetTagsViewController.swift in Sources */,
				6359DA971D97D6A500A4D106 /* RegistrationHSViewController.swift in Sources */,
				63C440681DAA3F2C00EF5F7E /* HSQestionDetailTopTableViewCell.swift in Sources */,
				6359DA9A1D97E17E00A4D106 /* SetInfomationOfHSViewController.swift in Sources */,
				63C440861DB077AB00EF5F7E /* UITextViewExtension.swift in Sources */,
				63C4407E1DAB8A8100EF5F7E /* HSNotificationTableViewCell.swift in Sources */,
				6359DA9C1D97E39F00A4D106 /* SelectionTableViewController.swift in Sources */,
				63B818021D957E93001BD1EE /* TopBranchViewController.swift in Sources */,
				63C440781DAA5A6800EF5F7E /* HSQuestionFinishViewController.swift in Sources */,
				63C440611DAA242B00EF5F7E /* HSQuestionDetailViewController.swift in Sources */,
				638290741D9958D1004BD708 /* hoge.swift in Sources */,
				63B818001D957E93001BD1EE /* AppDelegate.swift in Sources */,
				63C440751DAA547500EF5F7E /* HSQuestionInputTableViewCell.swift in Sources */,
				636185461DB8C5CB0064CCBA /* InputTextViewController.swift in Sources */,
				6348D0781DB4C5B800F52516 /* VerifyRegistrationViewController.swift in Sources */,
				63C440701DAA4B2100EF5F7E /* HSSearchUnivUserViewController.swift in Sources */,
				63C4405E1DA9ED9600EF5F7E /* Sample.swift in Sources */,
				63C440721DAA52AF00EF5F7E /* HSPostQuestionViewController.swift in Sources */,
				636185411DB8BD610064CCBA /* InputTagViewController.swift in Sources */,
				63C440811DABB7FF00EF5F7E /* HSMyPageViewController.swift in Sources */,
				63C4405B1DA9D73900EF5F7E /* AnswerModel.swift in Sources */,
				63C4406D1DAA48AB00EF5F7E /* HSUnivUserTableViewCell.swift in Sources */,
				63B8187D1D9639FD001BD1EE /* PrivacyPolicyViewController.swift in Sources */,
				63B818791D9595C3001BD1EE /* AuthHSUserViewController.swift in Sources */,
				6348D0721DB3821B00F52516 /* NSDateExtension.swift in Sources */,
				63C4407B1DAB705200EF5F7E /* HSNotificationViewController.swift in Sources */,
				63B8187B1D9639EC001BD1EE /* TermOfServiceViewController.swift in Sources */,
				63C440511DA9D1B800EF5F7E /* UserModel.swift in Sources */,
				6359DA9E1D97E40600A4D106 /* SetMyPageViewController.swift in Sources */,
				6348D0681DB20ADF00F52516 /* HSQuestionSelectUnivUserTableViewCell.swift in Sources */,
				639B89AB1DC27C0700DEC956 /* UserDelegate.swift in Sources */,
				6344E8181DA948AF002B4A15 /* HSTopTabBarController.swift in Sources */,
				6348D06D1DB3105500F52516 /* SendEmailVerifyViewController.swift in Sources */,
				6344E8151DA93736002B4A15 /* HSQuestionTableViewCell.swift in Sources */,
				6348D06B1DB20C2500F52516 /* HSQuestionSelectUnivUserViewController.swift in Sources */,
				6348D06F1DB36D8100F52516 /* StringExtension.swift in Sources */,
				63C440641DAA276B00EF5F7E /* HSQestionDetailUnivAnswerTableViewCell.swift in Sources */,
				6344E81A1DA94A36002B4A15 /* HSQuestionViewController.swift in Sources */,
				63C440591DA9D60900EF5F7E /* QuestionModel.swift in Sources */,
			);
			runOnlyForDeploymentPostprocessing = 0;
		};
		63B8180C1D957E94001BD1EE /* Sources */ = {
			isa = PBXSourcesBuildPhase;
			buildActionMask = 2147483647;
			files = (
				63B818151D957E94001BD1EE /* MatchyTests.swift in Sources */,
			);
			runOnlyForDeploymentPostprocessing = 0;
		};
		63B818171D957E94001BD1EE /* Sources */ = {
			isa = PBXSourcesBuildPhase;
			buildActionMask = 2147483647;
			files = (
				63B818201D957E94001BD1EE /* MatchyUITests.swift in Sources */,
			);
			runOnlyForDeploymentPostprocessing = 0;
		};
/* End PBXSourcesBuildPhase section */

/* Begin PBXTargetDependency section */
		63B818121D957E94001BD1EE /* PBXTargetDependency */ = {
			isa = PBXTargetDependency;
			target = 63B817FB1D957E93001BD1EE /* Matchy */;
			targetProxy = 63B818111D957E94001BD1EE /* PBXContainerItemProxy */;
		};
		63B8181D1D957E94001BD1EE /* PBXTargetDependency */ = {
			isa = PBXTargetDependency;
			target = 63B817FB1D957E93001BD1EE /* Matchy */;
			targetProxy = 63B8181C1D957E94001BD1EE /* PBXContainerItemProxy */;
		};
/* End PBXTargetDependency section */

/* Begin PBXVariantGroup section */
		63B818031D957E94001BD1EE /* Top.storyboard */ = {
			isa = PBXVariantGroup;
			children = (
				63B818041D957E94001BD1EE /* Base */,
			);
			name = Top.storyboard;
			sourceTree = "<group>";
		};
		63B818081D957E94001BD1EE /* LaunchScreen.storyboard */ = {
			isa = PBXVariantGroup;
			children = (
				63B818091D957E94001BD1EE /* Base */,
			);
			name = LaunchScreen.storyboard;
			sourceTree = "<group>";
		};
/* End PBXVariantGroup section */

/* Begin XCBuildConfiguration section */
		63B818221D957E94001BD1EE /* Debug */ = {
			isa = XCBuildConfiguration;
			baseConfigurationReference = BCE2A5804B64947D13198DB7 /* Pods-Matchy.debug.xcconfig */;
			buildSettings = {
				ALWAYS_SEARCH_USER_PATHS = NO;
				CLANG_ANALYZER_NONNULL = YES;
				CLANG_CXX_LANGUAGE_STANDARD = "gnu++0x";
				CLANG_CXX_LIBRARY = "libc++";
				CLANG_ENABLE_MODULES = YES;
				CLANG_ENABLE_OBJC_ARC = YES;
				CLANG_WARN_BOOL_CONVERSION = YES;
				CLANG_WARN_CONSTANT_CONVERSION = YES;
				CLANG_WARN_DIRECT_OBJC_ISA_USAGE = YES_ERROR;
				CLANG_WARN_EMPTY_BODY = YES;
				CLANG_WARN_ENUM_CONVERSION = YES;
				CLANG_WARN_INFINITE_RECURSION = YES;
				CLANG_WARN_INT_CONVERSION = YES;
				CLANG_WARN_OBJC_ROOT_CLASS = YES_ERROR;
				CLANG_WARN_SUSPICIOUS_MOVE = YES;
				CLANG_WARN_UNREACHABLE_CODE = YES;
				CLANG_WARN__DUPLICATE_METHOD_MATCH = YES;
				"CODE_SIGN_IDENTITY[sdk=iphoneos*]" = "iPhone Developer";
				COPY_PHASE_STRIP = NO;
				DEBUG_INFORMATION_FORMAT = dwarf;
				ENABLE_STRICT_OBJC_MSGSEND = YES;
				ENABLE_TESTABILITY = YES;
				GCC_C_LANGUAGE_STANDARD = gnu99;
				GCC_DYNAMIC_NO_PIC = NO;
				GCC_NO_COMMON_BLOCKS = YES;
				GCC_OPTIMIZATION_LEVEL = 0;
				GCC_PREPROCESSOR_DEFINITIONS = (
					"DEBUG=1",
					"$(inherited)",
				);
				GCC_WARN_64_TO_32_BIT_CONVERSION = YES;
				GCC_WARN_ABOUT_RETURN_TYPE = YES_ERROR;
				GCC_WARN_UNDECLARED_SELECTOR = YES;
				GCC_WARN_UNINITIALIZED_AUTOS = YES_AGGRESSIVE;
				GCC_WARN_UNUSED_FUNCTION = YES;
				GCC_WARN_UNUSED_VARIABLE = YES;
				IPHONEOS_DEPLOYMENT_TARGET = 9.2;
				MTL_ENABLE_DEBUG_INFO = YES;
				ONLY_ACTIVE_ARCH = YES;
				SDKROOT = iphoneos;
				SWIFT_OPTIMIZATION_LEVEL = "-Onone";
				SWIFT_VERSION = 2.3;
			};
			name = Debug;
		};
		63B818231D957E94001BD1EE /* Release */ = {
			isa = XCBuildConfiguration;
			baseConfigurationReference = C18F9E90DCEC26A82DDA1DCB /* Pods-Matchy.release.xcconfig */;
			buildSettings = {
				ALWAYS_SEARCH_USER_PATHS = NO;
				CLANG_ANALYZER_NONNULL = YES;
				CLANG_CXX_LANGUAGE_STANDARD = "gnu++0x";
				CLANG_CXX_LIBRARY = "libc++";
				CLANG_ENABLE_MODULES = YES;
				CLANG_ENABLE_OBJC_ARC = YES;
				CLANG_WARN_BOOL_CONVERSION = YES;
				CLANG_WARN_CONSTANT_CONVERSION = YES;
				CLANG_WARN_DIRECT_OBJC_ISA_USAGE = YES_ERROR;
				CLANG_WARN_EMPTY_BODY = YES;
				CLANG_WARN_ENUM_CONVERSION = YES;
				CLANG_WARN_INFINITE_RECURSION = YES;
				CLANG_WARN_INT_CONVERSION = YES;
				CLANG_WARN_OBJC_ROOT_CLASS = YES_ERROR;
				CLANG_WARN_SUSPICIOUS_MOVE = YES;
				CLANG_WARN_UNREACHABLE_CODE = YES;
				CLANG_WARN__DUPLICATE_METHOD_MATCH = YES;
				"CODE_SIGN_IDENTITY[sdk=iphoneos*]" = "iPhone Developer";
				COPY_PHASE_STRIP = NO;
				DEBUG_INFORMATION_FORMAT = "dwarf-with-dsym";
				ENABLE_NS_ASSERTIONS = NO;
				ENABLE_STRICT_OBJC_MSGSEND = YES;
				GCC_C_LANGUAGE_STANDARD = gnu99;
				GCC_NO_COMMON_BLOCKS = YES;
				GCC_WARN_64_TO_32_BIT_CONVERSION = YES;
				GCC_WARN_ABOUT_RETURN_TYPE = YES_ERROR;
				GCC_WARN_UNDECLARED_SELECTOR = YES;
				GCC_WARN_UNINITIALIZED_AUTOS = YES_AGGRESSIVE;
				GCC_WARN_UNUSED_FUNCTION = YES;
				GCC_WARN_UNUSED_VARIABLE = YES;
				IPHONEOS_DEPLOYMENT_TARGET = 9.2;
				MTL_ENABLE_DEBUG_INFO = NO;
				SDKROOT = iphoneos;
				SWIFT_OPTIMIZATION_LEVEL = "-Owholemodule";
				SWIFT_VERSION = 2.3;
				VALIDATE_PRODUCT = YES;
			};
			name = Release;
		};
		63B818251D957E94001BD1EE /* Debug */ = {
			isa = XCBuildConfiguration;
			baseConfigurationReference = BCE2A5804B64947D13198DB7 /* Pods-Matchy.debug.xcconfig */;
			buildSettings = {
				ASSETCATALOG_COMPILER_APPICON_NAME = AppIcon;
				CODE_SIGN_IDENTITY = "iPhone Developer";
				DEVELOPMENT_TEAM = 44KX7M22LP;
				INFOPLIST_FILE = Matchy/Info.plist;
				IPHONEOS_DEPLOYMENT_TARGET = 9.2;
				LD_RUNPATH_SEARCH_PATHS = "$(inherited) @executable_path/Frameworks";
				PRODUCT_BUNDLE_IDENTIFIER = com.TASKEYA.Matchy;
				PRODUCT_NAME = "$(TARGET_NAME)";
				SWIFT_OBJC_BRIDGING_HEADER = "$(SRCROOT)/$(PRODUCT)/Bridging-Header.h";
				SWIFT_VERSION = 2.3;
			};
			name = Debug;
		};
		63B818261D957E94001BD1EE /* Release */ = {
			isa = XCBuildConfiguration;
			baseConfigurationReference = C18F9E90DCEC26A82DDA1DCB /* Pods-Matchy.release.xcconfig */;
			buildSettings = {
				ASSETCATALOG_COMPILER_APPICON_NAME = AppIcon;
				CODE_SIGN_IDENTITY = "iPhone Developer";
				DEBUG_INFORMATION_FORMAT = dwarf;
				DEVELOPMENT_TEAM = 44KX7M22LP;
				INFOPLIST_FILE = Matchy/Info.plist;
				IPHONEOS_DEPLOYMENT_TARGET = 9.2;
				LD_RUNPATH_SEARCH_PATHS = "$(inherited) @executable_path/Frameworks";
				PRODUCT_BUNDLE_IDENTIFIER = com.TASKEYA.Matchy;
				PRODUCT_NAME = "$(TARGET_NAME)";
				SWIFT_OBJC_BRIDGING_HEADER = "$(SRCROOT)/$(PRODUCT)/Bridging-Header.h";
				SWIFT_VERSION = 2.3;
			};
			name = Release;
		};
		63B818281D957E94001BD1EE /* Debug */ = {
			isa = XCBuildConfiguration;
			baseConfigurationReference = 009C29228CB000285DC16C72 /* Pods-MatchyTests.debug.xcconfig */;
			buildSettings = {
				BUNDLE_LOADER = "$(TEST_HOST)";
				INFOPLIST_FILE = MatchyTests/Info.plist;
				LD_RUNPATH_SEARCH_PATHS = "$(inherited) @executable_path/Frameworks @loader_path/Frameworks";
				PRODUCT_BUNDLE_IDENTIFIER = com.wataru.MatchyTests;
				PRODUCT_NAME = "$(TARGET_NAME)";
				TEST_HOST = "$(BUILT_PRODUCTS_DIR)/Matchy.app/Matchy";
			};
			name = Debug;
		};
		63B818291D957E94001BD1EE /* Release */ = {
			isa = XCBuildConfiguration;
			baseConfigurationReference = 8A70C845C747ED16DC1BC3DA /* Pods-MatchyTests.release.xcconfig */;
			buildSettings = {
				BUNDLE_LOADER = "$(TEST_HOST)";
				INFOPLIST_FILE = MatchyTests/Info.plist;
				LD_RUNPATH_SEARCH_PATHS = "$(inherited) @executable_path/Frameworks @loader_path/Frameworks";
				PRODUCT_BUNDLE_IDENTIFIER = com.wataru.MatchyTests;
				PRODUCT_NAME = "$(TARGET_NAME)";
				TEST_HOST = "$(BUILT_PRODUCTS_DIR)/Matchy.app/Matchy";
			};
			name = Release;
		};
		63B8182B1D957E94001BD1EE /* Debug */ = {
			isa = XCBuildConfiguration;
			baseConfigurationReference = 656D138D61CC54DC63270C25 /* Pods-MatchyUITests.debug.xcconfig */;
			buildSettings = {
				INFOPLIST_FILE = MatchyUITests/Info.plist;
				LD_RUNPATH_SEARCH_PATHS = "$(inherited) @executable_path/Frameworks @loader_path/Frameworks";
				PRODUCT_BUNDLE_IDENTIFIER = com.wataru.MatchyUITests;
				PRODUCT_NAME = "$(TARGET_NAME)";
				TEST_TARGET_NAME = Matchy;
			};
			name = Debug;
		};
		63B8182C1D957E94001BD1EE /* Release */ = {
			isa = XCBuildConfiguration;
			baseConfigurationReference = 2E25E0954EB0347DEC1B19C0 /* Pods-MatchyUITests.release.xcconfig */;
			buildSettings = {
				INFOPLIST_FILE = MatchyUITests/Info.plist;
				LD_RUNPATH_SEARCH_PATHS = "$(inherited) @executable_path/Frameworks @loader_path/Frameworks";
				PRODUCT_BUNDLE_IDENTIFIER = com.wataru.MatchyUITests;
				PRODUCT_NAME = "$(TARGET_NAME)";
				TEST_TARGET_NAME = Matchy;
			};
			name = Release;
		};
/* End XCBuildConfiguration section */

/* Begin XCConfigurationList section */
		63B817F71D957E93001BD1EE /* Build configuration list for PBXProject "Matchy" */ = {
			isa = XCConfigurationList;
			buildConfigurations = (
				63B818221D957E94001BD1EE /* Debug */,
				63B818231D957E94001BD1EE /* Release */,
			);
			defaultConfigurationIsVisible = 0;
			defaultConfigurationName = Release;
		};
		63B818241D957E94001BD1EE /* Build configuration list for PBXNativeTarget "Matchy" */ = {
			isa = XCConfigurationList;
			buildConfigurations = (
				63B818251D957E94001BD1EE /* Debug */,
				63B818261D957E94001BD1EE /* Release */,
			);
			defaultConfigurationIsVisible = 0;
			defaultConfigurationName = Release;
		};
		63B818271D957E94001BD1EE /* Build configuration list for PBXNativeTarget "MatchyTests" */ = {
			isa = XCConfigurationList;
			buildConfigurations = (
				63B818281D957E94001BD1EE /* Debug */,
				63B818291D957E94001BD1EE /* Release */,
			);
			defaultConfigurationIsVisible = 0;
			defaultConfigurationName = Release;
		};
		63B8182A1D957E94001BD1EE /* Build configuration list for PBXNativeTarget "MatchyUITests" */ = {
			isa = XCConfigurationList;
			buildConfigurations = (
				63B8182B1D957E94001BD1EE /* Debug */,
				63B8182C1D957E94001BD1EE /* Release */,
			);
			defaultConfigurationIsVisible = 0;
			defaultConfigurationName = Release;
		};
/* End XCConfigurationList section */
	};
	rootObject = 63B817F41D957E93001BD1EE /* Project object */;
}
